// !$*UTF8*$!
{
	archiveVersion = 1;
	classes = {
	};
	objectVersion = 46;
	objects = {

/* Begin PBXBuildFile section */
		0408C4AD1C119E8600AFF319 /* ProgressIndicatorView.m in Sources */ = {isa = PBXBuildFile; fileRef = 0408C4AC1C119E8600AFF319 /* ProgressIndicatorView.m */; };
		042301881D222921005231B6 /* BlockInstance.m in Sources */ = {isa = PBXBuildFile; fileRef = 042301851D222921005231B6 /* BlockInstance.m */; };
		042301891D222921005231B6 /* BlockTest.m in Sources */ = {isa = PBXBuildFile; fileRef = 042301871D222921005231B6 /* BlockTest.m */; };
		0423019B1D22562C005231B6 /* NSData+AES128.m in Sources */ = {isa = PBXBuildFile; fileRef = 042301981D22562C005231B6 /* NSData+AES128.m */; };
		0423019C1D22562C005231B6 /* RSA.m in Sources */ = {isa = PBXBuildFile; fileRef = 0423019A1D22562C005231B6 /* RSA.m */; };
		042301B81D24BCA8005231B6 /* 赵思家.epub in Resources */ = {isa = PBXBuildFile; fileRef = 042301B71D24BC8D005231B6 /* 赵思家.epub */; };
		042712471D2A866F005938AE /* AES.c in Sources */ = {isa = PBXBuildFile; fileRef = 042712441D2A866F005938AE /* AES.c */; };
		042712481D2A866F005938AE /* AESCipher.m in Sources */ = {isa = PBXBuildFile; fileRef = 042712461D2A866F005938AE /* AESCipher.m */; settings = {COMPILER_FLAGS = "-fno-objc-arc"; }; };
		0427124B1D2B5003005938AE /* NSData+md5.m in Sources */ = {isa = PBXBuildFile; fileRef = 0427124A1D2B5003005938AE /* NSData+md5.m */; };
		0427124D1D2B86A2005938AE /* 048-RED 韵-9.1-1600.epub in Resources */ = {isa = PBXBuildFile; fileRef = 0427124C1D2B8673005938AE /* 048-RED 韵-9.1-1600.epub */; };
		0427124F1D2BA07A005938AE /* encrypted.epub in Resources */ = {isa = PBXBuildFile; fileRef = 0427124E1D2BA07A005938AE /* encrypted.epub */; };
		0432BA4B1D2619E00003CB4A /* ZEReadFile.m in Sources */ = {isa = PBXBuildFile; fileRef = 0432BA461D2619E00003CB4A /* ZEReadFile.m */; };
		0432BA4C1D2619E00003CB4A /* ZEReadParser.m in Sources */ = {isa = PBXBuildFile; fileRef = 0432BA481D2619E00003CB4A /* ZEReadParser.m */; };
		0432BA4D1D2619E00003CB4A /* ZEReadStyleConfig.m in Sources */ = {isa = PBXBuildFile; fileRef = 0432BA4A1D2619E00003CB4A /* ZEReadStyleConfig.m */; };
		0432BA501D262D550003CB4A /* ZEBookViewModel.m in Sources */ = {isa = PBXBuildFile; fileRef = 0432BA4F1D262D550003CB4A /* ZEBookViewModel.m */; };
		0432BA531D262D620003CB4A /* ZEChapterViewModel.m in Sources */ = {isa = PBXBuildFile; fileRef = 0432BA521D262D620003CB4A /* ZEChapterViewModel.m */; };
		04341F811BD3D12300376EBA /* SpotlightManage.m in Sources */ = {isa = PBXBuildFile; fileRef = 04341F801BD3D12300376EBA /* SpotlightManage.m */; };
		045611C31BAE90EB0043EA6C /* DemosTests.m in Sources */ = {isa = PBXBuildFile; fileRef = 045611C21BAE90EB0043EA6C /* DemosTests.m */; };
		045611CE1BAE90EB0043EA6C /* DemosUITests.m in Sources */ = {isa = PBXBuildFile; fileRef = 045611CD1BAE90EB0043EA6C /* DemosUITests.m */; };
		045611E01BAE92990043EA6C /* DemoListViewController.m in Sources */ = {isa = PBXBuildFile; fileRef = 045611DF1BAE92990043EA6C /* DemoListViewController.m */; };
		0456120A1BAEA8DE0043EA6C /* BezierViewController.mm in Sources */ = {isa = PBXBuildFile; fileRef = 045611F81BAEA8DE0043EA6C /* BezierViewController.mm */; };
		0456120B1BAEA8DE0043EA6C /* ComponentViewController.mm in Sources */ = {isa = PBXBuildFile; fileRef = 045611FB1BAEA8DE0043EA6C /* ComponentViewController.mm */; };
		0456120C1BAEA8DE0043EA6C /* PeriscopeViewController.m in Sources */ = {isa = PBXBuildFile; fileRef = 045611FE1BAEA8DE0043EA6C /* PeriscopeViewController.m */; };
		0456120E1BAEA8DE0043EA6C /* AppDelegate.m in Sources */ = {isa = PBXBuildFile; fileRef = 045612031BAEA8DE0043EA6C /* AppDelegate.m */; };
		0456120F1BAEA8DE0043EA6C /* Assets.xcassets in Resources */ = {isa = PBXBuildFile; fileRef = 045612041BAEA8DE0043EA6C /* Assets.xcassets */; };
		045612101BAEA8DE0043EA6C /* LaunchScreen.storyboard in Resources */ = {isa = PBXBuildFile; fileRef = 045612051BAEA8DE0043EA6C /* LaunchScreen.storyboard */; };
		045612111BAEA8DE0043EA6C /* DemoListData.plist in Resources */ = {isa = PBXBuildFile; fileRef = 045612071BAEA8DE0043EA6C /* DemoListData.plist */; };
		045612131BAEA8DE0043EA6C /* main.m in Sources */ = {isa = PBXBuildFile; fileRef = 045612091BAEA8DE0043EA6C /* main.m */; };
		045612181BAEDFCE0043EA6C /* TFView.m in Sources */ = {isa = PBXBuildFile; fileRef = 045612171BAEDFCE0043EA6C /* TFView.m */; };
		045612241BAFC07D0043EA6C /* IMessageViewController.m in Sources */ = {isa = PBXBuildFile; fileRef = 045612231BAFC07D0043EA6C /* IMessageViewController.m */; };
		045EB1A61C300F51005CC75E /* ArticleComponent.mm in Sources */ = {isa = PBXBuildFile; fileRef = 045EB1A51C300F51005CC75E /* ArticleComponent.mm */; };
		045EB1A91C300FBD005CC75E /* Article.m in Sources */ = {isa = PBXBuildFile; fileRef = 045EB1A81C300FBD005CC75E /* Article.m */; };
		046E72871D27AAFB00D1ECB8 /* Hour 028-高飞龙.epub in Resources */ = {isa = PBXBuildFile; fileRef = 046E72861D27AAFB00D1ECB8 /* Hour 028-高飞龙.epub */; };
		04892E5F1BB3C7AA00CB0437 /* IMG_2237.jpg in Resources */ = {isa = PBXBuildFile; fileRef = 04892E5D1BB3C7AA00CB0437 /* IMG_2237.jpg */; };
		04892E601BB3C7AA00CB0437 /* IMG_2238.jpg in Resources */ = {isa = PBXBuildFile; fileRef = 04892E5E1BB3C7AA00CB0437 /* IMG_2238.jpg */; };
		04892E631BB3D4D700CB0437 /* IMG_1853.jpg in Resources */ = {isa = PBXBuildFile; fileRef = 04892E621BB3D4D700CB0437 /* IMG_1853.jpg */; };
		04892E651BB3D59D00CB0437 /* ImagesData.plist in Resources */ = {isa = PBXBuildFile; fileRef = 04892E641BB3D59D00CB0437 /* ImagesData.plist */; };
		04892E681BB3D65C00CB0437 /* UIImage+Additions.m in Sources */ = {isa = PBXBuildFile; fileRef = 04892E671BB3D65C00CB0437 /* UIImage+Additions.m */; };
		04892E7B1BB4EF1C00CB0437 /* TFSpringCollectionViewFlowLayout.m in Sources */ = {isa = PBXBuildFile; fileRef = 04892E7A1BB4EF1C00CB0437 /* TFSpringCollectionViewFlowLayout.m */; };
		04892E861BB51A1A00CB0437 /* UIColor+Random.m in Sources */ = {isa = PBXBuildFile; fileRef = 04892E851BB51A1A00CB0437 /* UIColor+Random.m */; };
		048985511CCDF3FC00471171 /* DDTabPagerViewController.m in Sources */ = {isa = PBXBuildFile; fileRef = 048985501CCDF3FC00471171 /* DDTabPagerViewController.m */; };
		0499D90C1BB14A91009345FE /* DynamicAnimationViewController.m in Sources */ = {isa = PBXBuildFile; fileRef = 0499D90B1BB14A91009345FE /* DynamicAnimationViewController.m */; };
		04A2477D1CC9D9D6000DED42 /* DDItemScrollView.m in Sources */ = {isa = PBXBuildFile; fileRef = 04A2477C1CC9D9D6000DED42 /* DDItemScrollView.m */; };
		04BB11381D2CDA7A009224D8 /* DTHTMLElement+style.m in Sources */ = {isa = PBXBuildFile; fileRef = 04BB11371D2CDA7A009224D8 /* DTHTMLElement+style.m */; };
		04BB114C1D2DFD9D009224D8 /* ZEPageViewController+Bar.m in Sources */ = {isa = PBXBuildFile; fileRef = 04BB114B1D2DFD9D009224D8 /* ZEPageViewController+Bar.m */; };
		04BB11931D2E3238009224D8 /* Bookmarks_Highlight@2x.png in Resources */ = {isa = PBXBuildFile; fileRef = 04BB11551D2E3238009224D8 /* Bookmarks_Highlight@2x.png */; };
		04BB11941D2E3238009224D8 /* Bookmarks_Highlight@3x.png in Resources */ = {isa = PBXBuildFile; fileRef = 04BB11561D2E3238009224D8 /* Bookmarks_Highlight@3x.png */; };
		04BB11951D2E3238009224D8 /* Bookmarks_Normal@2x.png in Resources */ = {isa = PBXBuildFile; fileRef = 04BB11571D2E3238009224D8 /* Bookmarks_Normal@2x.png */; };
		04BB11961D2E3238009224D8 /* Bookmarks_Normal@3x.png in Resources */ = {isa = PBXBuildFile; fileRef = 04BB11581D2E3238009224D8 /* Bookmarks_Normal@3x.png */; };
		04BB11971D2E3238009224D8 /* Columnup_Highlight@2x.png in Resources */ = {isa = PBXBuildFile; fileRef = 04BB11591D2E3238009224D8 /* Columnup_Highlight@2x.png */; };
		04BB11981D2E3238009224D8 /* Columnup_Highlight@3x.png in Resources */ = {isa = PBXBuildFile; fileRef = 04BB115A1D2E3238009224D8 /* Columnup_Highlight@3x.png */; };
		04BB11991D2E3238009224D8 /* Columnup_Normal@2x.png in Resources */ = {isa = PBXBuildFile; fileRef = 04BB115B1D2E3238009224D8 /* Columnup_Normal@2x.png */; };
		04BB119A1D2E3238009224D8 /* Columnup_Normal@3x.png in Resources */ = {isa = PBXBuildFile; fileRef = 04BB115C1D2E3238009224D8 /* Columnup_Normal@3x.png */; };
		04BB119B1D2E3238009224D8 /* Comment_Normal@2x.png in Resources */ = {isa = PBXBuildFile; fileRef = 04BB115D1D2E3238009224D8 /* Comment_Normal@2x.png */; };
		04BB119C1D2E3238009224D8 /* Comment_Normal@3x.png in Resources */ = {isa = PBXBuildFile; fileRef = 04BB115E1D2E3238009224D8 /* Comment_Normal@3x.png */; };
		04BB119D1D2E3238009224D8 /* List_Download@2x.png in Resources */ = {isa = PBXBuildFile; fileRef = 04BB115F1D2E3238009224D8 /* List_Download@2x.png */; };
		04BB119E1D2E3238009224D8 /* List_Download@3x.png in Resources */ = {isa = PBXBuildFile; fileRef = 04BB11601D2E3238009224D8 /* List_Download@3x.png */; };
		04BB119F1D2E3238009224D8 /* List_Retry@2x.png in Resources */ = {isa = PBXBuildFile; fileRef = 04BB11611D2E3238009224D8 /* List_Retry@2x.png */; };
		04BB11A01D2E3238009224D8 /* List_Retry@3x.png in Resources */ = {isa = PBXBuildFile; fileRef = 04BB11621D2E3238009224D8 /* List_Retry@3x.png */; };
		04BB11A11D2E3238009224D8 /* Mark@2x.png in Resources */ = {isa = PBXBuildFile; fileRef = 04BB11631D2E3238009224D8 /* Mark@2x.png */; };
		04BB11A21D2E3238009224D8 /* Mark@3x.png in Resources */ = {isa = PBXBuildFile; fileRef = 04BB11641D2E3238009224D8 /* Mark@3x.png */; };
		04BB11A31D2E3238009224D8 /* More_Book_Normal@2x.png in Resources */ = {isa = PBXBuildFile; fileRef = 04BB11651D2E3238009224D8 /* More_Book_Normal@2x.png */; };
		04BB11A41D2E3238009224D8 /* More_Book_Normal@3x.png in Resources */ = {isa = PBXBuildFile; fileRef = 04BB11661D2E3238009224D8 /* More_Book_Normal@3x.png */; };
		04BB11A71D2E3238009224D8 /* Nigh_Read_Day@2x.png in Resources */ = {isa = PBXBuildFile; fileRef = 04BB11691D2E3238009224D8 /* Nigh_Read_Day@2x.png */; };
		04BB11A81D2E3238009224D8 /* Nigh_Read_Day@3x.png in Resources */ = {isa = PBXBuildFile; fileRef = 04BB116A1D2E3238009224D8 /* Nigh_Read_Day@3x.png */; };
		04BB11A91D2E3238009224D8 /* Night_Bookmarks_Highlight@2x.png in Resources */ = {isa = PBXBuildFile; fileRef = 04BB116B1D2E3238009224D8 /* Night_Bookmarks_Highlight@2x.png */; };
		04BB11AA1D2E3238009224D8 /* Night_Bookmarks_Highlight@3x.png in Resources */ = {isa = PBXBuildFile; fileRef = 04BB116C1D2E3238009224D8 /* Night_Bookmarks_Highlight@3x.png */; };
		04BB11AB1D2E3238009224D8 /* Night_Bookmarks_Normal@2x.png in Resources */ = {isa = PBXBuildFile; fileRef = 04BB116D1D2E3238009224D8 /* Night_Bookmarks_Normal@2x.png */; };
		04BB11AC1D2E3238009224D8 /* Night_Bookmarks_Normal@3x.png in Resources */ = {isa = PBXBuildFile; fileRef = 04BB116E1D2E3238009224D8 /* Night_Bookmarks_Normal@3x.png */; };
		04BB11AD1D2E3238009224D8 /* Night_Columnup_Highlight@2x.png in Resources */ = {isa = PBXBuildFile; fileRef = 04BB116F1D2E3238009224D8 /* Night_Columnup_Highlight@2x.png */; };
		04BB11AE1D2E3238009224D8 /* Night_Columnup_Highlight@3x.png in Resources */ = {isa = PBXBuildFile; fileRef = 04BB11701D2E3238009224D8 /* Night_Columnup_Highlight@3x.png */; };
		04BB11AF1D2E3238009224D8 /* Night_Columnup_Normal@2x.png in Resources */ = {isa = PBXBuildFile; fileRef = 04BB11711D2E3238009224D8 /* Night_Columnup_Normal@2x.png */; };
		04BB11B01D2E3238009224D8 /* Night_Columnup_Normal@3x.png in Resources */ = {isa = PBXBuildFile; fileRef = 04BB11721D2E3238009224D8 /* Night_Columnup_Normal@3x.png */; };
		04BB11B11D2E3238009224D8 /* Night_Comment_normal@2x.png in Resources */ = {isa = PBXBuildFile; fileRef = 04BB11731D2E3238009224D8 /* Night_Comment_normal@2x.png */; };
		04BB11B21D2E3238009224D8 /* Night_Comment_normal@3x.png in Resources */ = {isa = PBXBuildFile; fileRef = 04BB11741D2E3238009224D8 /* Night_Comment_normal@3x.png */; };
		04BB11B31D2E3238009224D8 /* Night_List_Download@2x.png in Resources */ = {isa = PBXBuildFile; fileRef = 04BB11751D2E3238009224D8 /* Night_List_Download@2x.png */; };
		04BB11B41D2E3238009224D8 /* Night_List_Download@3x.png in Resources */ = {isa = PBXBuildFile; fileRef = 04BB11761D2E3238009224D8 /* Night_List_Download@3x.png */; };
		04BB11B51D2E3238009224D8 /* Night_List_Retry@2x.png in Resources */ = {isa = PBXBuildFile; fileRef = 04BB11771D2E3238009224D8 /* Night_List_Retry@2x.png */; };
		04BB11B61D2E3238009224D8 /* Night_List_Retry@13x.png in Resources */ = {isa = PBXBuildFile; fileRef = 04BB11781D2E3238009224D8 /* Night_List_Retry@13x.png */; };
		04BB11B71D2E3238009224D8 /* Night_More_Book_Normal@2x.png in Resources */ = {isa = PBXBuildFile; fileRef = 04BB11791D2E3238009224D8 /* Night_More_Book_Normal@2x.png */; };
		04BB11B81D2E3238009224D8 /* Night_More_Book_Normal@3x.png in Resources */ = {isa = PBXBuildFile; fileRef = 04BB117A1D2E3238009224D8 /* Night_More_Book_Normal@3x.png */; };
		04BB11B91D2E3238009224D8 /* Night_More_CollectIcon_Normal@2x.png in Resources */ = {isa = PBXBuildFile; fileRef = 04BB117B1D2E3238009224D8 /* Night_More_CollectIcon_Normal@2x.png */; };
		04BB11BA1D2E3238009224D8 /* Night_More_CollectIcon_Normal@3x.png in Resources */ = {isa = PBXBuildFile; fileRef = 04BB117C1D2E3238009224D8 /* Night_More_CollectIcon_Normal@3x.png */; };
		04BB11BB1D2E3238009224D8 /* Night_Read_Bar_Bookmarks_Highlight@2x.png in Resources */ = {isa = PBXBuildFile; fileRef = 04BB117D1D2E3238009224D8 /* Night_Read_Bar_Bookmarks_Highlight@2x.png */; };
		04BB11BC1D2E3238009224D8 /* Night_Read_Bar_Bookmarks_Highlight@3x.png in Resources */ = {isa = PBXBuildFile; fileRef = 04BB117E1D2E3238009224D8 /* Night_Read_Bar_Bookmarks_Highlight@3x.png */; };
		04BB11BD1D2E3238009224D8 /* Night_Read_Bar_Bookmarks_Normal@2x.png in Resources */ = {isa = PBXBuildFile; fileRef = 04BB117F1D2E3238009224D8 /* Night_Read_Bar_Bookmarks_Normal@2x.png */; };
		04BB11BE1D2E3238009224D8 /* Night_Read_Bar_Bookmarks_Normal@3x.png in Resources */ = {isa = PBXBuildFile; fileRef = 04BB11801D2E3238009224D8 /* Night_Read_Bar_Bookmarks_Normal@3x.png */; };
		04BB11BF1D2E3238009224D8 /* Night_Read_Bar_Catalog_Normal@2x.png in Resources */ = {isa = PBXBuildFile; fileRef = 04BB11811D2E3238009224D8 /* Night_Read_Bar_Catalog_Normal@2x.png */; };
		04BB11C01D2E3238009224D8 /* Night_Read_Bar_Catalog_Normal@3x.png in Resources */ = {isa = PBXBuildFile; fileRef = 04BB11821D2E3238009224D8 /* Night_Read_Bar_Catalog_Normal@3x.png */; };
		04BB11C11D2E3238009224D8 /* Night_Read_Note@2x.png in Resources */ = {isa = PBXBuildFile; fileRef = 04BB11831D2E3238009224D8 /* Night_Read_Note@2x.png */; };
		04BB11C21D2E3238009224D8 /* Night_Read_Note@3x.png in Resources */ = {isa = PBXBuildFile; fileRef = 04BB11841D2E3238009224D8 /* Night_Read_Note@3x.png */; };
		04BB11C31D2E3238009224D8 /* Read_Bar_Bookmarks_Highlight@2x.png in Resources */ = {isa = PBXBuildFile; fileRef = 04BB11851D2E3238009224D8 /* Read_Bar_Bookmarks_Highlight@2x.png */; };
		04BB11C41D2E3238009224D8 /* Read_Bar_Bookmarks_Highlight@3x.png in Resources */ = {isa = PBXBuildFile; fileRef = 04BB11861D2E3238009224D8 /* Read_Bar_Bookmarks_Highlight@3x.png */; };
		04BB11C51D2E3238009224D8 /* Read_Bar_Bookmarks_Normal@2x.png in Resources */ = {isa = PBXBuildFile; fileRef = 04BB11871D2E3238009224D8 /* Read_Bar_Bookmarks_Normal@2x.png */; };
		04BB11C61D2E3238009224D8 /* Read_Bar_Bookmarks_Normal@3x.png in Resources */ = {isa = PBXBuildFile; fileRef = 04BB11881D2E3238009224D8 /* Read_Bar_Bookmarks_Normal@3x.png */; };
		04BB11C71D2E3238009224D8 /* Read_Bar_Catalog_Normal@2x.png in Resources */ = {isa = PBXBuildFile; fileRef = 04BB11891D2E3238009224D8 /* Read_Bar_Catalog_Normal@2x.png */; };
		04BB11C81D2E3238009224D8 /* Read_Bar_Catalog_Normal@3x.png in Resources */ = {isa = PBXBuildFile; fileRef = 04BB118A1D2E3238009224D8 /* Read_Bar_Catalog_Normal@3x.png */; };
		04BB11C91D2E3238009224D8 /* Read_Note@2x.png in Resources */ = {isa = PBXBuildFile; fileRef = 04BB118B1D2E3238009224D8 /* Read_Note@2x.png */; };
		04BB11CA1D2E3238009224D8 /* Read_Note@3x.png in Resources */ = {isa = PBXBuildFile; fileRef = 04BB118C1D2E3238009224D8 /* Read_Note@3x.png */; };
		04BB11CB1D2E3238009224D8 /* Read_Return_Back@2x.png in Resources */ = {isa = PBXBuildFile; fileRef = 04BB118D1D2E3238009224D8 /* Read_Return_Back@2x.png */; };
		04BB11CC1D2E3238009224D8 /* Read_Return_Back@3x.png in Resources */ = {isa = PBXBuildFile; fileRef = 04BB118E1D2E3238009224D8 /* Read_Return_Back@3x.png */; };
		04BB11CD1D2E3238009224D8 /* Read_Return_Invalid@2x.png in Resources */ = {isa = PBXBuildFile; fileRef = 04BB118F1D2E3238009224D8 /* Read_Return_Invalid@2x.png */; };
		04BB11CE1D2E3238009224D8 /* Read_Return_Invalid@3x.png in Resources */ = {isa = PBXBuildFile; fileRef = 04BB11901D2E3238009224D8 /* Read_Return_Invalid@3x.png */; };
		04BB11CF1D2E3238009224D8 /* Read_Return@2x.png in Resources */ = {isa = PBXBuildFile; fileRef = 04BB11911D2E3238009224D8 /* Read_Return@2x.png */; };
		04BB11D01D2E3238009224D8 /* Read_Return@3x.png in Resources */ = {isa = PBXBuildFile; fileRef = 04BB11921D2E3238009224D8 /* Read_Return@3x.png */; };
		04BB11DB1D2E32D1009224D8 /* Back_Highligh@2x.png in Resources */ = {isa = PBXBuildFile; fileRef = 04BB11D21D2E32D1009224D8 /* Back_Highligh@2x.png */; };
		04BB11DC1D2E32D1009224D8 /* Back_Highligh@3x.png in Resources */ = {isa = PBXBuildFile; fileRef = 04BB11D31D2E32D1009224D8 /* Back_Highligh@3x.png */; };
		04BB11DD1D2E32D1009224D8 /* Back_Normal@2x.png in Resources */ = {isa = PBXBuildFile; fileRef = 04BB11D41D2E32D1009224D8 /* Back_Normal@2x.png */; };
		04BB11DE1D2E32D1009224D8 /* Back_Normal@3x.png in Resources */ = {isa = PBXBuildFile; fileRef = 04BB11D51D2E32D1009224D8 /* Back_Normal@3x.png */; };
		04BB11DF1D2E32D1009224D8 /* Night_Back_Highligh@2x.png in Resources */ = {isa = PBXBuildFile; fileRef = 04BB11D61D2E32D1009224D8 /* Night_Back_Highligh@2x.png */; };
		04BB11E01D2E32D1009224D8 /* Night_Back_Highligh@3x.png in Resources */ = {isa = PBXBuildFile; fileRef = 04BB11D71D2E32D1009224D8 /* Night_Back_Highligh@3x.png */; };
		04BB11E11D2E32D1009224D8 /* Night_Back_Normal@2x.png in Resources */ = {isa = PBXBuildFile; fileRef = 04BB11D81D2E32D1009224D8 /* Night_Back_Normal@2x.png */; };
		04BB11E21D2E32D1009224D8 /* Night_Back_Normal@3x.png in Resources */ = {isa = PBXBuildFile; fileRef = 04BB11D91D2E32D1009224D8 /* Night_Back_Normal@3x.png */; };
		04BB11E31D2E32D1009224D8 /* Night_BackArrow_iOS7@2x.png in Resources */ = {isa = PBXBuildFile; fileRef = 04BB11DA1D2E32D1009224D8 /* Night_BackArrow_iOS7@2x.png */; };
		04BB11E61D2E335A009224D8 /* Night_Night@2x.png in Resources */ = {isa = PBXBuildFile; fileRef = 04BB11E41D2E335A009224D8 /* Night_Night@2x.png */; };
		04BB11E71D2E335A009224D8 /* Night_Night@3x.png in Resources */ = {isa = PBXBuildFile; fileRef = 04BB11E51D2E335A009224D8 /* Night_Night@3x.png */; };
		04BB11EB1D2E41DF009224D8 /* ZESwitchViewController.m in Sources */ = {isa = PBXBuildFile; fileRef = 04BB11EA1D2E41DF009224D8 /* ZESwitchViewController.m */; };
		04BB11EE1D2E45FA009224D8 /* ZENavigationController.m in Sources */ = {isa = PBXBuildFile; fileRef = 04BB11ED1D2E45FA009224D8 /* ZENavigationController.m */; };
		04BB11F11D2F4C47009224D8 /* ZEChapterListViewController.m in Sources */ = {isa = PBXBuildFile; fileRef = 04BB11F01D2F4C47009224D8 /* ZEChapterListViewController.m */; };
		04BB11F41D2F4C5A009224D8 /* ZEMarkListViewController.m in Sources */ = {isa = PBXBuildFile; fileRef = 04BB11F31D2F4C5A009224D8 /* ZEMarkListViewController.m */; };
		04BB11F81D2F69A8009224D8 /* ZEChapterTableViewCell.m in Sources */ = {isa = PBXBuildFile; fileRef = 04BB11F71D2F69A8009224D8 /* ZEChapterTableViewCell.m */; };
		04BEFB851D24D06B00C78692 /* DTCoreTextFontOverrides.plist in Resources */ = {isa = PBXBuildFile; fileRef = 04BEFB841D24D06B00C78692 /* DTCoreTextFontOverrides.plist */; };
		04BEFB8E1D24E5F300C78692 /* ZEBaseModel.m in Sources */ = {isa = PBXBuildFile; fileRef = 04BEFB8D1D24E5F300C78692 /* ZEBaseModel.m */; };
		04BEFB911D24E63C00C78692 /* ZEChapter.m in Sources */ = {isa = PBXBuildFile; fileRef = 04BEFB901D24E63C00C78692 /* ZEChapter.m */; };
		04BEFB9A1D24F78D00C78692 /* ZEPageViewController.m in Sources */ = {isa = PBXBuildFile; fileRef = 04BEFB991D24F78D00C78692 /* ZEPageViewController.m */; };
		04BEFB9D1D24F7A200C78692 /* ZEReadViewController.m in Sources */ = {isa = PBXBuildFile; fileRef = 04BEFB9C1D24F7A200C78692 /* ZEReadViewController.m */; };
		04BEFBA01D2512F600C78692 /* ZEBook.m in Sources */ = {isa = PBXBuildFile; fileRef = 04BEFB9F1D2512F600C78692 /* ZEBook.m */; };
		04CA94FA1CFC6C14002AF2D8 /* ZLTextComponent.mm in Sources */ = {isa = PBXBuildFile; fileRef = 04CA94F91CFC6C14002AF2D8 /* ZLTextComponent.mm */; };
		04E1FB3A1D2F889F0090B058 /* ZEProgressView.m in Sources */ = {isa = PBXBuildFile; fileRef = 04E1FB391D2F889F0090B058 /* ZEProgressView.m */; };
		04E7881B1CCF973A004ED75B /* Feed_barShadow@3x.png in Resources */ = {isa = PBXBuildFile; fileRef = 04E788191CCF973A004ED75B /* Feed_barShadow@3x.png */; };
		04E7881C1CCF973A004ED75B /* Feed_barShadow@2x.png in Resources */ = {isa = PBXBuildFile; fileRef = 04E7881A1CCF973A004ED75B /* Feed_barShadow@2x.png */; };
		04F3A5051BAFDE3200CA479A /* TestData.plist in Resources */ = {isa = PBXBuildFile; fileRef = 04F3A5041BAFDE3200CA479A /* TestData.plist */; };
		04F3A5091BAFE4CF00CA479A /* UIView+SAAdditions.m in Sources */ = {isa = PBXBuildFile; fileRef = 04F3A5081BAFE4CF00CA479A /* UIView+SAAdditions.m */; };
		04F3A50D1BB10ABD00CA479A /* TFScrollView.m in Sources */ = {isa = PBXBuildFile; fileRef = 04F3A50C1BB10ABD00CA479A /* TFScrollView.m */; };
		E7257CADE8EFFA2C6053C263 /* libPods.a in Frameworks */ = {isa = PBXBuildFile; fileRef = C2B1B9197ABEF8ACB0586FBC /* libPods.a */; };
/* End PBXBuildFile section */

/* Begin PBXContainerItemProxy section */
		045611BF1BAE90EB0043EA6C /* PBXContainerItemProxy */ = {
			isa = PBXContainerItemProxy;
			containerPortal = 0456119D1BAE90EB0043EA6C /* Project object */;
			proxyType = 1;
			remoteGlobalIDString = 045611A41BAE90EB0043EA6C;
			remoteInfo = Demos;
		};
		045611CA1BAE90EB0043EA6C /* PBXContainerItemProxy */ = {
			isa = PBXContainerItemProxy;
			containerPortal = 0456119D1BAE90EB0043EA6C /* Project object */;
			proxyType = 1;
			remoteGlobalIDString = 045611A41BAE90EB0043EA6C;
			remoteInfo = Demos;
		};
/* End PBXContainerItemProxy section */

/* Begin PBXFileReference section */
		0408C4AB1C119E8600AFF319 /* ProgressIndicatorView.h */ = {isa = PBXFileReference; fileEncoding = 4; lastKnownFileType = sourcecode.c.h; path = ProgressIndicatorView.h; sourceTree = "<group>"; };
		0408C4AC1C119E8600AFF319 /* ProgressIndicatorView.m */ = {isa = PBXFileReference; fileEncoding = 4; lastKnownFileType = sourcecode.c.objc; path = ProgressIndicatorView.m; sourceTree = "<group>"; };
		042301841D222921005231B6 /* BlockInstance.h */ = {isa = PBXFileReference; fileEncoding = 4; lastKnownFileType = sourcecode.c.h; path = BlockInstance.h; sourceTree = "<group>"; };
		042301851D222921005231B6 /* BlockInstance.m */ = {isa = PBXFileReference; fileEncoding = 4; lastKnownFileType = sourcecode.c.objc; path = BlockInstance.m; sourceTree = "<group>"; };
		042301861D222921005231B6 /* BlockTest.h */ = {isa = PBXFileReference; fileEncoding = 4; lastKnownFileType = sourcecode.c.h; path = BlockTest.h; sourceTree = "<group>"; };
		042301871D222921005231B6 /* BlockTest.m */ = {isa = PBXFileReference; fileEncoding = 4; lastKnownFileType = sourcecode.c.objc; path = BlockTest.m; sourceTree = "<group>"; };
		042301971D22562C005231B6 /* NSData+AES128.h */ = {isa = PBXFileReference; fileEncoding = 4; lastKnownFileType = sourcecode.c.h; path = "NSData+AES128.h"; sourceTree = "<group>"; };
		042301981D22562C005231B6 /* NSData+AES128.m */ = {isa = PBXFileReference; fileEncoding = 4; lastKnownFileType = sourcecode.c.objc; path = "NSData+AES128.m"; sourceTree = "<group>"; };
		042301991D22562C005231B6 /* RSA.h */ = {isa = PBXFileReference; fileEncoding = 4; lastKnownFileType = sourcecode.c.h; path = RSA.h; sourceTree = "<group>"; };
		0423019A1D22562C005231B6 /* RSA.m */ = {isa = PBXFileReference; fileEncoding = 4; lastKnownFileType = sourcecode.c.objc; path = RSA.m; sourceTree = "<group>"; };
		0423019D1D225694005231B6 /* RSAES.h */ = {isa = PBXFileReference; fileEncoding = 4; lastKnownFileType = sourcecode.c.h; path = RSAES.h; sourceTree = "<group>"; };
		042301B71D24BC8D005231B6 /* 赵思家.epub */ = {isa = PBXFileReference; lastKnownFileType = file; path = "赵思家.epub"; sourceTree = "<group>"; };
		042712441D2A866F005938AE /* AES.c */ = {isa = PBXFileReference; fileEncoding = 4; lastKnownFileType = sourcecode.c.c; path = AES.c; sourceTree = "<group>"; };
		042712451D2A866F005938AE /* AESCipher.h */ = {isa = PBXFileReference; fileEncoding = 4; lastKnownFileType = sourcecode.c.h; path = AESCipher.h; sourceTree = "<group>"; };
		042712461D2A866F005938AE /* AESCipher.m */ = {isa = PBXFileReference; fileEncoding = 4; lastKnownFileType = sourcecode.c.objc; path = AESCipher.m; sourceTree = "<group>"; };
		042712491D2B5003005938AE /* NSData+md5.h */ = {isa = PBXFileReference; fileEncoding = 4; lastKnownFileType = sourcecode.c.h; path = "NSData+md5.h"; sourceTree = "<group>"; };
		0427124A1D2B5003005938AE /* NSData+md5.m */ = {isa = PBXFileReference; fileEncoding = 4; lastKnownFileType = sourcecode.c.objc; path = "NSData+md5.m"; sourceTree = "<group>"; };
		0427124C1D2B8673005938AE /* 048-RED 韵-9.1-1600.epub */ = {isa = PBXFileReference; lastKnownFileType = file; path = "048-RED 韵-9.1-1600.epub"; sourceTree = "<group>"; };
		0427124E1D2BA07A005938AE /* encrypted.epub */ = {isa = PBXFileReference; lastKnownFileType = file; path = encrypted.epub; sourceTree = "<group>"; };
		0432BA451D2619E00003CB4A /* ZEReadFile.h */ = {isa = PBXFileReference; fileEncoding = 4; lastKnownFileType = sourcecode.c.h; path = ZEReadFile.h; sourceTree = "<group>"; };
		0432BA461D2619E00003CB4A /* ZEReadFile.m */ = {isa = PBXFileReference; fileEncoding = 4; lastKnownFileType = sourcecode.c.objc; path = ZEReadFile.m; sourceTree = "<group>"; };
		0432BA471D2619E00003CB4A /* ZEReadParser.h */ = {isa = PBXFileReference; fileEncoding = 4; lastKnownFileType = sourcecode.c.h; path = ZEReadParser.h; sourceTree = "<group>"; };
		0432BA481D2619E00003CB4A /* ZEReadParser.m */ = {isa = PBXFileReference; fileEncoding = 4; lastKnownFileType = sourcecode.c.objc; path = ZEReadParser.m; sourceTree = "<group>"; };
		0432BA491D2619E00003CB4A /* ZEReadStyleConfig.h */ = {isa = PBXFileReference; fileEncoding = 4; lastKnownFileType = sourcecode.c.h; path = ZEReadStyleConfig.h; sourceTree = "<group>"; };
		0432BA4A1D2619E00003CB4A /* ZEReadStyleConfig.m */ = {isa = PBXFileReference; fileEncoding = 4; lastKnownFileType = sourcecode.c.objc; path = ZEReadStyleConfig.m; sourceTree = "<group>"; };
		0432BA4E1D262D550003CB4A /* ZEBookViewModel.h */ = {isa = PBXFileReference; fileEncoding = 4; lastKnownFileType = sourcecode.c.h; path = ZEBookViewModel.h; sourceTree = "<group>"; };
		0432BA4F1D262D550003CB4A /* ZEBookViewModel.m */ = {isa = PBXFileReference; fileEncoding = 4; lastKnownFileType = sourcecode.c.objc; path = ZEBookViewModel.m; sourceTree = "<group>"; };
		0432BA511D262D620003CB4A /* ZEChapterViewModel.h */ = {isa = PBXFileReference; fileEncoding = 4; lastKnownFileType = sourcecode.c.h; path = ZEChapterViewModel.h; sourceTree = "<group>"; };
		0432BA521D262D620003CB4A /* ZEChapterViewModel.m */ = {isa = PBXFileReference; fileEncoding = 4; lastKnownFileType = sourcecode.c.objc; path = ZEChapterViewModel.m; sourceTree = "<group>"; };
		04341F7F1BD3D12300376EBA /* SpotlightManage.h */ = {isa = PBXFileReference; fileEncoding = 4; lastKnownFileType = sourcecode.c.h; path = SpotlightManage.h; sourceTree = "<group>"; };
		04341F801BD3D12300376EBA /* SpotlightManage.m */ = {isa = PBXFileReference; fileEncoding = 4; lastKnownFileType = sourcecode.c.objc; path = SpotlightManage.m; sourceTree = "<group>"; };
		045611A51BAE90EB0043EA6C /* Demos.app */ = {isa = PBXFileReference; explicitFileType = wrapper.application; includeInIndex = 0; path = Demos.app; sourceTree = BUILT_PRODUCTS_DIR; };
		045611BE1BAE90EB0043EA6C /* DemosTests.xctest */ = {isa = PBXFileReference; explicitFileType = wrapper.cfbundle; includeInIndex = 0; path = DemosTests.xctest; sourceTree = BUILT_PRODUCTS_DIR; };
		045611C21BAE90EB0043EA6C /* DemosTests.m */ = {isa = PBXFileReference; lastKnownFileType = sourcecode.c.objc; path = DemosTests.m; sourceTree = "<group>"; };
		045611C41BAE90EB0043EA6C /* Info.plist */ = {isa = PBXFileReference; lastKnownFileType = text.plist.xml; path = Info.plist; sourceTree = "<group>"; };
		045611C91BAE90EB0043EA6C /* DemosUITests.xctest */ = {isa = PBXFileReference; explicitFileType = wrapper.cfbundle; includeInIndex = 0; path = DemosUITests.xctest; sourceTree = BUILT_PRODUCTS_DIR; };
		045611CD1BAE90EB0043EA6C /* DemosUITests.m */ = {isa = PBXFileReference; lastKnownFileType = sourcecode.c.objc; path = DemosUITests.m; sourceTree = "<group>"; };
		045611CF1BAE90EB0043EA6C /* Info.plist */ = {isa = PBXFileReference; lastKnownFileType = text.plist.xml; path = Info.plist; sourceTree = "<group>"; };
		045611DE1BAE92990043EA6C /* DemoListViewController.h */ = {isa = PBXFileReference; fileEncoding = 4; lastKnownFileType = sourcecode.c.h; path = DemoListViewController.h; sourceTree = "<group>"; };
		045611DF1BAE92990043EA6C /* DemoListViewController.m */ = {isa = PBXFileReference; fileEncoding = 4; lastKnownFileType = sourcecode.c.objc; path = DemoListViewController.m; sourceTree = "<group>"; };
		045611F71BAEA8DE0043EA6C /* BezierViewController.h */ = {isa = PBXFileReference; fileEncoding = 4; lastKnownFileType = sourcecode.c.h; path = BezierViewController.h; sourceTree = "<group>"; };
		045611F81BAEA8DE0043EA6C /* BezierViewController.mm */ = {isa = PBXFileReference; fileEncoding = 4; lastKnownFileType = sourcecode.cpp.objcpp; path = BezierViewController.mm; sourceTree = "<group>"; };
		045611FA1BAEA8DE0043EA6C /* ComponentViewController.h */ = {isa = PBXFileReference; fileEncoding = 4; lastKnownFileType = sourcecode.c.h; path = ComponentViewController.h; sourceTree = "<group>"; };
		045611FB1BAEA8DE0043EA6C /* ComponentViewController.mm */ = {isa = PBXFileReference; fileEncoding = 4; lastKnownFileType = sourcecode.cpp.objcpp; path = ComponentViewController.mm; sourceTree = "<group>"; };
		045611FD1BAEA8DE0043EA6C /* PeriscopeViewController.h */ = {isa = PBXFileReference; fileEncoding = 4; lastKnownFileType = sourcecode.c.h; path = PeriscopeViewController.h; sourceTree = "<group>"; };
		045611FE1BAEA8DE0043EA6C /* PeriscopeViewController.m */ = {isa = PBXFileReference; fileEncoding = 4; lastKnownFileType = sourcecode.c.objc; path = PeriscopeViewController.m; sourceTree = "<group>"; };
		045612021BAEA8DE0043EA6C /* AppDelegate.h */ = {isa = PBXFileReference; fileEncoding = 4; lastKnownFileType = sourcecode.c.h; path = AppDelegate.h; sourceTree = "<group>"; };
		045612031BAEA8DE0043EA6C /* AppDelegate.m */ = {isa = PBXFileReference; fileEncoding = 4; lastKnownFileType = sourcecode.c.objc; path = AppDelegate.m; sourceTree = "<group>"; };
		045612041BAEA8DE0043EA6C /* Assets.xcassets */ = {isa = PBXFileReference; lastKnownFileType = folder.assetcatalog; path = Assets.xcassets; sourceTree = "<group>"; };
		045612061BAEA8DE0043EA6C /* Base */ = {isa = PBXFileReference; lastKnownFileType = file.storyboard; name = Base; path = Base.lproj/LaunchScreen.storyboard; sourceTree = "<group>"; };
		045612071BAEA8DE0043EA6C /* DemoListData.plist */ = {isa = PBXFileReference; fileEncoding = 4; lastKnownFileType = text.plist.xml; path = DemoListData.plist; sourceTree = "<group>"; };
		045612081BAEA8DE0043EA6C /* Info.plist */ = {isa = PBXFileReference; fileEncoding = 4; lastKnownFileType = text.plist.xml; path = Info.plist; sourceTree = "<group>"; };
		045612091BAEA8DE0043EA6C /* main.m */ = {isa = PBXFileReference; fileEncoding = 4; lastKnownFileType = sourcecode.c.objc; path = main.m; sourceTree = "<group>"; };
		045612161BAEDFCE0043EA6C /* TFView.h */ = {isa = PBXFileReference; fileEncoding = 4; lastKnownFileType = sourcecode.c.h; path = TFView.h; sourceTree = "<group>"; };
		045612171BAEDFCE0043EA6C /* TFView.m */ = {isa = PBXFileReference; fileEncoding = 4; lastKnownFileType = sourcecode.c.objc; path = TFView.m; sourceTree = "<group>"; };
		045612221BAFC07D0043EA6C /* IMessageViewController.h */ = {isa = PBXFileReference; fileEncoding = 4; lastKnownFileType = sourcecode.c.h; path = IMessageViewController.h; sourceTree = "<group>"; };
		045612231BAFC07D0043EA6C /* IMessageViewController.m */ = {isa = PBXFileReference; fileEncoding = 4; lastKnownFileType = sourcecode.c.objc; path = IMessageViewController.m; sourceTree = "<group>"; };
		0456123A1BAFCB5D0043EA6C /* Defines.h */ = {isa = PBXFileReference; lastKnownFileType = sourcecode.c.h; path = Defines.h; sourceTree = "<group>"; };
		0456123B1BAFCBD80043EA6C /* Demos-Prefix.pch */ = {isa = PBXFileReference; lastKnownFileType = sourcecode.c.h; path = "Demos-Prefix.pch"; sourceTree = "<group>"; };
		045EB1A41C300F51005CC75E /* ArticleComponent.h */ = {isa = PBXFileReference; fileEncoding = 4; lastKnownFileType = sourcecode.c.h; path = ArticleComponent.h; sourceTree = "<group>"; };
		045EB1A51C300F51005CC75E /* ArticleComponent.mm */ = {isa = PBXFileReference; fileEncoding = 4; lastKnownFileType = sourcecode.cpp.objcpp; path = ArticleComponent.mm; sourceTree = "<group>"; };
		045EB1A71C300FBD005CC75E /* Article.h */ = {isa = PBXFileReference; fileEncoding = 4; lastKnownFileType = sourcecode.c.h; path = Article.h; sourceTree = "<group>"; };
		045EB1A81C300FBD005CC75E /* Article.m */ = {isa = PBXFileReference; fileEncoding = 4; lastKnownFileType = sourcecode.c.objc; path = Article.m; sourceTree = "<group>"; };
		046E72861D27AAFB00D1ECB8 /* Hour 028-高飞龙.epub */ = {isa = PBXFileReference; lastKnownFileType = file; path = "Hour 028-高飞龙.epub"; sourceTree = "<group>"; };
		04892E5D1BB3C7AA00CB0437 /* IMG_2237.jpg */ = {isa = PBXFileReference; lastKnownFileType = image.jpeg; path = IMG_2237.jpg; sourceTree = "<group>"; };
		04892E5E1BB3C7AA00CB0437 /* IMG_2238.jpg */ = {isa = PBXFileReference; lastKnownFileType = image.jpeg; path = IMG_2238.jpg; sourceTree = "<group>"; };
		04892E621BB3D4D700CB0437 /* IMG_1853.jpg */ = {isa = PBXFileReference; lastKnownFileType = image.jpeg; path = IMG_1853.jpg; sourceTree = "<group>"; };
		04892E641BB3D59D00CB0437 /* ImagesData.plist */ = {isa = PBXFileReference; fileEncoding = 4; lastKnownFileType = text.plist.xml; path = ImagesData.plist; sourceTree = "<group>"; };
		04892E661BB3D65C00CB0437 /* UIImage+Additions.h */ = {isa = PBXFileReference; fileEncoding = 4; lastKnownFileType = sourcecode.c.h; path = "UIImage+Additions.h"; sourceTree = "<group>"; };
		04892E671BB3D65C00CB0437 /* UIImage+Additions.m */ = {isa = PBXFileReference; fileEncoding = 4; lastKnownFileType = sourcecode.c.objc; path = "UIImage+Additions.m"; sourceTree = "<group>"; };
		04892E791BB4EF1C00CB0437 /* TFSpringCollectionViewFlowLayout.h */ = {isa = PBXFileReference; fileEncoding = 4; lastKnownFileType = sourcecode.c.h; path = TFSpringCollectionViewFlowLayout.h; sourceTree = "<group>"; };
		04892E7A1BB4EF1C00CB0437 /* TFSpringCollectionViewFlowLayout.m */ = {isa = PBXFileReference; fileEncoding = 4; lastKnownFileType = sourcecode.c.objc; path = TFSpringCollectionViewFlowLayout.m; sourceTree = "<group>"; };
		04892E841BB51A1A00CB0437 /* UIColor+Random.h */ = {isa = PBXFileReference; fileEncoding = 4; lastKnownFileType = sourcecode.c.h; path = "UIColor+Random.h"; sourceTree = "<group>"; };
		04892E851BB51A1A00CB0437 /* UIColor+Random.m */ = {isa = PBXFileReference; fileEncoding = 4; lastKnownFileType = sourcecode.c.objc; path = "UIColor+Random.m"; sourceTree = "<group>"; };
		0489854F1CCDF3FC00471171 /* DDTabPagerViewController.h */ = {isa = PBXFileReference; fileEncoding = 4; lastKnownFileType = sourcecode.c.h; path = DDTabPagerViewController.h; sourceTree = "<group>"; };
		048985501CCDF3FC00471171 /* DDTabPagerViewController.m */ = {isa = PBXFileReference; fileEncoding = 4; lastKnownFileType = sourcecode.c.objc; path = DDTabPagerViewController.m; sourceTree = "<group>"; };
		0499D90A1BB14A91009345FE /* DynamicAnimationViewController.h */ = {isa = PBXFileReference; fileEncoding = 4; lastKnownFileType = sourcecode.c.h; path = DynamicAnimationViewController.h; sourceTree = "<group>"; };
		0499D90B1BB14A91009345FE /* DynamicAnimationViewController.m */ = {isa = PBXFileReference; fileEncoding = 4; lastKnownFileType = sourcecode.c.objc; path = DynamicAnimationViewController.m; sourceTree = "<group>"; };
		04A2477B1CC9D9D6000DED42 /* DDItemScrollView.h */ = {isa = PBXFileReference; fileEncoding = 4; lastKnownFileType = sourcecode.c.h; path = DDItemScrollView.h; sourceTree = "<group>"; };
		04A2477C1CC9D9D6000DED42 /* DDItemScrollView.m */ = {isa = PBXFileReference; fileEncoding = 4; lastKnownFileType = sourcecode.c.objc; path = DDItemScrollView.m; sourceTree = "<group>"; };
		04BB11361D2CDA7A009224D8 /* DTHTMLElement+style.h */ = {isa = PBXFileReference; fileEncoding = 4; lastKnownFileType = sourcecode.c.h; path = "DTHTMLElement+style.h"; sourceTree = "<group>"; };
		04BB11371D2CDA7A009224D8 /* DTHTMLElement+style.m */ = {isa = PBXFileReference; fileEncoding = 4; lastKnownFileType = sourcecode.c.objc; path = "DTHTMLElement+style.m"; sourceTree = "<group>"; };
		04BB114A1D2DFD9D009224D8 /* ZEPageViewController+Bar.h */ = {isa = PBXFileReference; fileEncoding = 4; lastKnownFileType = sourcecode.c.h; path = "ZEPageViewController+Bar.h"; sourceTree = "<group>"; };
		04BB114B1D2DFD9D009224D8 /* ZEPageViewController+Bar.m */ = {isa = PBXFileReference; fileEncoding = 4; lastKnownFileType = sourcecode.c.objc; path = "ZEPageViewController+Bar.m"; sourceTree = "<group>"; };
		04BB11551D2E3238009224D8 /* Bookmarks_Highlight@2x.png */ = {isa = PBXFileReference; lastKnownFileType = image.png; path = "Bookmarks_Highlight@2x.png"; sourceTree = "<group>"; };
		04BB11561D2E3238009224D8 /* Bookmarks_Highlight@3x.png */ = {isa = PBXFileReference; lastKnownFileType = image.png; path = "Bookmarks_Highlight@3x.png"; sourceTree = "<group>"; };
		04BB11571D2E3238009224D8 /* Bookmarks_Normal@2x.png */ = {isa = PBXFileReference; lastKnownFileType = image.png; path = "Bookmarks_Normal@2x.png"; sourceTree = "<group>"; };
		04BB11581D2E3238009224D8 /* Bookmarks_Normal@3x.png */ = {isa = PBXFileReference; lastKnownFileType = image.png; path = "Bookmarks_Normal@3x.png"; sourceTree = "<group>"; };
		04BB11591D2E3238009224D8 /* Columnup_Highlight@2x.png */ = {isa = PBXFileReference; lastKnownFileType = image.png; path = "Columnup_Highlight@2x.png"; sourceTree = "<group>"; };
		04BB115A1D2E3238009224D8 /* Columnup_Highlight@3x.png */ = {isa = PBXFileReference; lastKnownFileType = image.png; path = "Columnup_Highlight@3x.png"; sourceTree = "<group>"; };
		04BB115B1D2E3238009224D8 /* Columnup_Normal@2x.png */ = {isa = PBXFileReference; lastKnownFileType = image.png; path = "Columnup_Normal@2x.png"; sourceTree = "<group>"; };
		04BB115C1D2E3238009224D8 /* Columnup_Normal@3x.png */ = {isa = PBXFileReference; lastKnownFileType = image.png; path = "Columnup_Normal@3x.png"; sourceTree = "<group>"; };
		04BB115D1D2E3238009224D8 /* Comment_Normal@2x.png */ = {isa = PBXFileReference; lastKnownFileType = image.png; path = "Comment_Normal@2x.png"; sourceTree = "<group>"; };
		04BB115E1D2E3238009224D8 /* Comment_Normal@3x.png */ = {isa = PBXFileReference; lastKnownFileType = image.png; path = "Comment_Normal@3x.png"; sourceTree = "<group>"; };
		04BB115F1D2E3238009224D8 /* List_Download@2x.png */ = {isa = PBXFileReference; lastKnownFileType = image.png; path = "List_Download@2x.png"; sourceTree = "<group>"; };
		04BB11601D2E3238009224D8 /* List_Download@3x.png */ = {isa = PBXFileReference; lastKnownFileType = image.png; path = "List_Download@3x.png"; sourceTree = "<group>"; };
		04BB11611D2E3238009224D8 /* List_Retry@2x.png */ = {isa = PBXFileReference; lastKnownFileType = image.png; path = "List_Retry@2x.png"; sourceTree = "<group>"; };
		04BB11621D2E3238009224D8 /* List_Retry@3x.png */ = {isa = PBXFileReference; lastKnownFileType = image.png; path = "List_Retry@3x.png"; sourceTree = "<group>"; };
		04BB11631D2E3238009224D8 /* Mark@2x.png */ = {isa = PBXFileReference; lastKnownFileType = image.png; path = "Mark@2x.png"; sourceTree = "<group>"; };
		04BB11641D2E3238009224D8 /* Mark@3x.png */ = {isa = PBXFileReference; lastKnownFileType = image.png; path = "Mark@3x.png"; sourceTree = "<group>"; };
		04BB11651D2E3238009224D8 /* More_Book_Normal@2x.png */ = {isa = PBXFileReference; lastKnownFileType = image.png; path = "More_Book_Normal@2x.png"; sourceTree = "<group>"; };
		04BB11661D2E3238009224D8 /* More_Book_Normal@3x.png */ = {isa = PBXFileReference; lastKnownFileType = image.png; path = "More_Book_Normal@3x.png"; sourceTree = "<group>"; };
		04BB11691D2E3238009224D8 /* Nigh_Read_Day@2x.png */ = {isa = PBXFileReference; lastKnownFileType = image.png; path = "Nigh_Read_Day@2x.png"; sourceTree = "<group>"; };
		04BB116A1D2E3238009224D8 /* Nigh_Read_Day@3x.png */ = {isa = PBXFileReference; lastKnownFileType = image.png; path = "Nigh_Read_Day@3x.png"; sourceTree = "<group>"; };
		04BB116B1D2E3238009224D8 /* Night_Bookmarks_Highlight@2x.png */ = {isa = PBXFileReference; lastKnownFileType = image.png; path = "Night_Bookmarks_Highlight@2x.png"; sourceTree = "<group>"; };
		04BB116C1D2E3238009224D8 /* Night_Bookmarks_Highlight@3x.png */ = {isa = PBXFileReference; lastKnownFileType = image.png; path = "Night_Bookmarks_Highlight@3x.png"; sourceTree = "<group>"; };
		04BB116D1D2E3238009224D8 /* Night_Bookmarks_Normal@2x.png */ = {isa = PBXFileReference; lastKnownFileType = image.png; path = "Night_Bookmarks_Normal@2x.png"; sourceTree = "<group>"; };
		04BB116E1D2E3238009224D8 /* Night_Bookmarks_Normal@3x.png */ = {isa = PBXFileReference; lastKnownFileType = image.png; path = "Night_Bookmarks_Normal@3x.png"; sourceTree = "<group>"; };
		04BB116F1D2E3238009224D8 /* Night_Columnup_Highlight@2x.png */ = {isa = PBXFileReference; lastKnownFileType = image.png; path = "Night_Columnup_Highlight@2x.png"; sourceTree = "<group>"; };
		04BB11701D2E3238009224D8 /* Night_Columnup_Highlight@3x.png */ = {isa = PBXFileReference; lastKnownFileType = image.png; path = "Night_Columnup_Highlight@3x.png"; sourceTree = "<group>"; };
		04BB11711D2E3238009224D8 /* Night_Columnup_Normal@2x.png */ = {isa = PBXFileReference; lastKnownFileType = image.png; path = "Night_Columnup_Normal@2x.png"; sourceTree = "<group>"; };
		04BB11721D2E3238009224D8 /* Night_Columnup_Normal@3x.png */ = {isa = PBXFileReference; lastKnownFileType = image.png; path = "Night_Columnup_Normal@3x.png"; sourceTree = "<group>"; };
		04BB11731D2E3238009224D8 /* Night_Comment_normal@2x.png */ = {isa = PBXFileReference; lastKnownFileType = image.png; path = "Night_Comment_normal@2x.png"; sourceTree = "<group>"; };
		04BB11741D2E3238009224D8 /* Night_Comment_normal@3x.png */ = {isa = PBXFileReference; lastKnownFileType = image.png; path = "Night_Comment_normal@3x.png"; sourceTree = "<group>"; };
		04BB11751D2E3238009224D8 /* Night_List_Download@2x.png */ = {isa = PBXFileReference; lastKnownFileType = image.png; path = "Night_List_Download@2x.png"; sourceTree = "<group>"; };
		04BB11761D2E3238009224D8 /* Night_List_Download@3x.png */ = {isa = PBXFileReference; lastKnownFileType = image.png; path = "Night_List_Download@3x.png"; sourceTree = "<group>"; };
		04BB11771D2E3238009224D8 /* Night_List_Retry@2x.png */ = {isa = PBXFileReference; lastKnownFileType = image.png; path = "Night_List_Retry@2x.png"; sourceTree = "<group>"; };
		04BB11781D2E3238009224D8 /* Night_List_Retry@13x.png */ = {isa = PBXFileReference; lastKnownFileType = image.png; path = "Night_List_Retry@13x.png"; sourceTree = "<group>"; };
		04BB11791D2E3238009224D8 /* Night_More_Book_Normal@2x.png */ = {isa = PBXFileReference; lastKnownFileType = image.png; path = "Night_More_Book_Normal@2x.png"; sourceTree = "<group>"; };
		04BB117A1D2E3238009224D8 /* Night_More_Book_Normal@3x.png */ = {isa = PBXFileReference; lastKnownFileType = image.png; path = "Night_More_Book_Normal@3x.png"; sourceTree = "<group>"; };
		04BB117B1D2E3238009224D8 /* Night_More_CollectIcon_Normal@2x.png */ = {isa = PBXFileReference; lastKnownFileType = image.png; path = "Night_More_CollectIcon_Normal@2x.png"; sourceTree = "<group>"; };
		04BB117C1D2E3238009224D8 /* Night_More_CollectIcon_Normal@3x.png */ = {isa = PBXFileReference; lastKnownFileType = image.png; path = "Night_More_CollectIcon_Normal@3x.png"; sourceTree = "<group>"; };
		04BB117D1D2E3238009224D8 /* Night_Read_Bar_Bookmarks_Highlight@2x.png */ = {isa = PBXFileReference; lastKnownFileType = image.png; path = "Night_Read_Bar_Bookmarks_Highlight@2x.png"; sourceTree = "<group>"; };
		04BB117E1D2E3238009224D8 /* Night_Read_Bar_Bookmarks_Highlight@3x.png */ = {isa = PBXFileReference; lastKnownFileType = image.png; path = "Night_Read_Bar_Bookmarks_Highlight@3x.png"; sourceTree = "<group>"; };
		04BB117F1D2E3238009224D8 /* Night_Read_Bar_Bookmarks_Normal@2x.png */ = {isa = PBXFileReference; lastKnownFileType = image.png; path = "Night_Read_Bar_Bookmarks_Normal@2x.png"; sourceTree = "<group>"; };
		04BB11801D2E3238009224D8 /* Night_Read_Bar_Bookmarks_Normal@3x.png */ = {isa = PBXFileReference; lastKnownFileType = image.png; path = "Night_Read_Bar_Bookmarks_Normal@3x.png"; sourceTree = "<group>"; };
		04BB11811D2E3238009224D8 /* Night_Read_Bar_Catalog_Normal@2x.png */ = {isa = PBXFileReference; lastKnownFileType = image.png; path = "Night_Read_Bar_Catalog_Normal@2x.png"; sourceTree = "<group>"; };
		04BB11821D2E3238009224D8 /* Night_Read_Bar_Catalog_Normal@3x.png */ = {isa = PBXFileReference; lastKnownFileType = image.png; path = "Night_Read_Bar_Catalog_Normal@3x.png"; sourceTree = "<group>"; };
		04BB11831D2E3238009224D8 /* Night_Read_Note@2x.png */ = {isa = PBXFileReference; lastKnownFileType = image.png; path = "Night_Read_Note@2x.png"; sourceTree = "<group>"; };
		04BB11841D2E3238009224D8 /* Night_Read_Note@3x.png */ = {isa = PBXFileReference; lastKnownFileType = image.png; path = "Night_Read_Note@3x.png"; sourceTree = "<group>"; };
		04BB11851D2E3238009224D8 /* Read_Bar_Bookmarks_Highlight@2x.png */ = {isa = PBXFileReference; lastKnownFileType = image.png; path = "Read_Bar_Bookmarks_Highlight@2x.png"; sourceTree = "<group>"; };
		04BB11861D2E3238009224D8 /* Read_Bar_Bookmarks_Highlight@3x.png */ = {isa = PBXFileReference; lastKnownFileType = image.png; path = "Read_Bar_Bookmarks_Highlight@3x.png"; sourceTree = "<group>"; };
		04BB11871D2E3238009224D8 /* Read_Bar_Bookmarks_Normal@2x.png */ = {isa = PBXFileReference; lastKnownFileType = image.png; path = "Read_Bar_Bookmarks_Normal@2x.png"; sourceTree = "<group>"; };
		04BB11881D2E3238009224D8 /* Read_Bar_Bookmarks_Normal@3x.png */ = {isa = PBXFileReference; lastKnownFileType = image.png; path = "Read_Bar_Bookmarks_Normal@3x.png"; sourceTree = "<group>"; };
		04BB11891D2E3238009224D8 /* Read_Bar_Catalog_Normal@2x.png */ = {isa = PBXFileReference; lastKnownFileType = image.png; path = "Read_Bar_Catalog_Normal@2x.png"; sourceTree = "<group>"; };
		04BB118A1D2E3238009224D8 /* Read_Bar_Catalog_Normal@3x.png */ = {isa = PBXFileReference; lastKnownFileType = image.png; path = "Read_Bar_Catalog_Normal@3x.png"; sourceTree = "<group>"; };
		04BB118B1D2E3238009224D8 /* Read_Note@2x.png */ = {isa = PBXFileReference; lastKnownFileType = image.png; path = "Read_Note@2x.png"; sourceTree = "<group>"; };
		04BB118C1D2E3238009224D8 /* Read_Note@3x.png */ = {isa = PBXFileReference; lastKnownFileType = image.png; path = "Read_Note@3x.png"; sourceTree = "<group>"; };
		04BB118D1D2E3238009224D8 /* Read_Return_Back@2x.png */ = {isa = PBXFileReference; lastKnownFileType = image.png; path = "Read_Return_Back@2x.png"; sourceTree = "<group>"; };
		04BB118E1D2E3238009224D8 /* Read_Return_Back@3x.png */ = {isa = PBXFileReference; lastKnownFileType = image.png; path = "Read_Return_Back@3x.png"; sourceTree = "<group>"; };
		04BB118F1D2E3238009224D8 /* Read_Return_Invalid@2x.png */ = {isa = PBXFileReference; lastKnownFileType = image.png; path = "Read_Return_Invalid@2x.png"; sourceTree = "<group>"; };
		04BB11901D2E3238009224D8 /* Read_Return_Invalid@3x.png */ = {isa = PBXFileReference; lastKnownFileType = image.png; path = "Read_Return_Invalid@3x.png"; sourceTree = "<group>"; };
		04BB11911D2E3238009224D8 /* Read_Return@2x.png */ = {isa = PBXFileReference; lastKnownFileType = image.png; path = "Read_Return@2x.png"; sourceTree = "<group>"; };
		04BB11921D2E3238009224D8 /* Read_Return@3x.png */ = {isa = PBXFileReference; lastKnownFileType = image.png; path = "Read_Return@3x.png"; sourceTree = "<group>"; };
		04BB11D21D2E32D1009224D8 /* Back_Highligh@2x.png */ = {isa = PBXFileReference; lastKnownFileType = image.png; path = "Back_Highligh@2x.png"; sourceTree = "<group>"; };
		04BB11D31D2E32D1009224D8 /* Back_Highligh@3x.png */ = {isa = PBXFileReference; lastKnownFileType = image.png; path = "Back_Highligh@3x.png"; sourceTree = "<group>"; };
		04BB11D41D2E32D1009224D8 /* Back_Normal@2x.png */ = {isa = PBXFileReference; lastKnownFileType = image.png; path = "Back_Normal@2x.png"; sourceTree = "<group>"; };
		04BB11D51D2E32D1009224D8 /* Back_Normal@3x.png */ = {isa = PBXFileReference; lastKnownFileType = image.png; path = "Back_Normal@3x.png"; sourceTree = "<group>"; };
		04BB11D61D2E32D1009224D8 /* Night_Back_Highligh@2x.png */ = {isa = PBXFileReference; lastKnownFileType = image.png; path = "Night_Back_Highligh@2x.png"; sourceTree = "<group>"; };
		04BB11D71D2E32D1009224D8 /* Night_Back_Highligh@3x.png */ = {isa = PBXFileReference; lastKnownFileType = image.png; path = "Night_Back_Highligh@3x.png"; sourceTree = "<group>"; };
		04BB11D81D2E32D1009224D8 /* Night_Back_Normal@2x.png */ = {isa = PBXFileReference; lastKnownFileType = image.png; path = "Night_Back_Normal@2x.png"; sourceTree = "<group>"; };
		04BB11D91D2E32D1009224D8 /* Night_Back_Normal@3x.png */ = {isa = PBXFileReference; lastKnownFileType = image.png; path = "Night_Back_Normal@3x.png"; sourceTree = "<group>"; };
		04BB11DA1D2E32D1009224D8 /* Night_BackArrow_iOS7@2x.png */ = {isa = PBXFileReference; lastKnownFileType = image.png; path = "Night_BackArrow_iOS7@2x.png"; sourceTree = "<group>"; };
		04BB11E41D2E335A009224D8 /* Night_Night@2x.png */ = {isa = PBXFileReference; lastKnownFileType = image.png; path = "Night_Night@2x.png"; sourceTree = "<group>"; };
		04BB11E51D2E335A009224D8 /* Night_Night@3x.png */ = {isa = PBXFileReference; lastKnownFileType = image.png; path = "Night_Night@3x.png"; sourceTree = "<group>"; };
		04BB11E91D2E41DF009224D8 /* ZESwitchViewController.h */ = {isa = PBXFileReference; fileEncoding = 4; lastKnownFileType = sourcecode.c.h; path = ZESwitchViewController.h; sourceTree = "<group>"; };
		04BB11EA1D2E41DF009224D8 /* ZESwitchViewController.m */ = {isa = PBXFileReference; fileEncoding = 4; lastKnownFileType = sourcecode.c.objc; path = ZESwitchViewController.m; sourceTree = "<group>"; };
		04BB11EC1D2E45FA009224D8 /* ZENavigationController.h */ = {isa = PBXFileReference; fileEncoding = 4; lastKnownFileType = sourcecode.c.h; path = ZENavigationController.h; sourceTree = "<group>"; };
		04BB11ED1D2E45FA009224D8 /* ZENavigationController.m */ = {isa = PBXFileReference; fileEncoding = 4; lastKnownFileType = sourcecode.c.objc; path = ZENavigationController.m; sourceTree = "<group>"; };
		04BB11EF1D2F4C47009224D8 /* ZEChapterListViewController.h */ = {isa = PBXFileReference; fileEncoding = 4; lastKnownFileType = sourcecode.c.h; path = ZEChapterListViewController.h; sourceTree = "<group>"; };
		04BB11F01D2F4C47009224D8 /* ZEChapterListViewController.m */ = {isa = PBXFileReference; fileEncoding = 4; lastKnownFileType = sourcecode.c.objc; path = ZEChapterListViewController.m; sourceTree = "<group>"; };
		04BB11F21D2F4C5A009224D8 /* ZEMarkListViewController.h */ = {isa = PBXFileReference; fileEncoding = 4; lastKnownFileType = sourcecode.c.h; path = ZEMarkListViewController.h; sourceTree = "<group>"; };
		04BB11F31D2F4C5A009224D8 /* ZEMarkListViewController.m */ = {isa = PBXFileReference; fileEncoding = 4; lastKnownFileType = sourcecode.c.objc; path = ZEMarkListViewController.m; sourceTree = "<group>"; };
		04BB11F61D2F69A8009224D8 /* ZEChapterTableViewCell.h */ = {isa = PBXFileReference; fileEncoding = 4; lastKnownFileType = sourcecode.c.h; path = ZEChapterTableViewCell.h; sourceTree = "<group>"; };
		04BB11F71D2F69A8009224D8 /* ZEChapterTableViewCell.m */ = {isa = PBXFileReference; fileEncoding = 4; lastKnownFileType = sourcecode.c.objc; path = ZEChapterTableViewCell.m; sourceTree = "<group>"; };
		04BEFB841D24D06B00C78692 /* DTCoreTextFontOverrides.plist */ = {isa = PBXFileReference; fileEncoding = 4; lastKnownFileType = text.plist.xml; path = DTCoreTextFontOverrides.plist; sourceTree = "<group>"; };
		04BEFB8C1D24E5F300C78692 /* ZEBaseModel.h */ = {isa = PBXFileReference; fileEncoding = 4; lastKnownFileType = sourcecode.c.h; path = ZEBaseModel.h; sourceTree = "<group>"; };
		04BEFB8D1D24E5F300C78692 /* ZEBaseModel.m */ = {isa = PBXFileReference; fileEncoding = 4; lastKnownFileType = sourcecode.c.objc; path = ZEBaseModel.m; sourceTree = "<group>"; };
		04BEFB8F1D24E63C00C78692 /* ZEChapter.h */ = {isa = PBXFileReference; fileEncoding = 4; lastKnownFileType = sourcecode.c.h; path = ZEChapter.h; sourceTree = "<group>"; };
		04BEFB901D24E63C00C78692 /* ZEChapter.m */ = {isa = PBXFileReference; fileEncoding = 4; lastKnownFileType = sourcecode.c.objc; path = ZEChapter.m; sourceTree = "<group>"; };
		04BEFB981D24F78D00C78692 /* ZEPageViewController.h */ = {isa = PBXFileReference; fileEncoding = 4; lastKnownFileType = sourcecode.c.h; path = ZEPageViewController.h; sourceTree = "<group>"; };
		04BEFB991D24F78D00C78692 /* ZEPageViewController.m */ = {isa = PBXFileReference; fileEncoding = 4; lastKnownFileType = sourcecode.c.objc; path = ZEPageViewController.m; sourceTree = "<group>"; };
		04BEFB9B1D24F7A200C78692 /* ZEReadViewController.h */ = {isa = PBXFileReference; fileEncoding = 4; lastKnownFileType = sourcecode.c.h; path = ZEReadViewController.h; sourceTree = "<group>"; };
		04BEFB9C1D24F7A200C78692 /* ZEReadViewController.m */ = {isa = PBXFileReference; fileEncoding = 4; lastKnownFileType = sourcecode.c.objc; path = ZEReadViewController.m; sourceTree = "<group>"; };
		04BEFB9E1D2512F600C78692 /* ZEBook.h */ = {isa = PBXFileReference; fileEncoding = 4; lastKnownFileType = sourcecode.c.h; path = ZEBook.h; sourceTree = "<group>"; };
		04BEFB9F1D2512F600C78692 /* ZEBook.m */ = {isa = PBXFileReference; fileEncoding = 4; lastKnownFileType = sourcecode.c.objc; path = ZEBook.m; sourceTree = "<group>"; };
		04CA94F81CFC6C14002AF2D8 /* ZLTextComponent.h */ = {isa = PBXFileReference; fileEncoding = 4; lastKnownFileType = sourcecode.c.h; path = ZLTextComponent.h; sourceTree = "<group>"; };
		04CA94F91CFC6C14002AF2D8 /* ZLTextComponent.mm */ = {isa = PBXFileReference; fileEncoding = 4; lastKnownFileType = sourcecode.cpp.objcpp; path = ZLTextComponent.mm; sourceTree = "<group>"; };
		04E1FB381D2F889F0090B058 /* ZEProgressView.h */ = {isa = PBXFileReference; fileEncoding = 4; lastKnownFileType = sourcecode.c.h; path = ZEProgressView.h; sourceTree = "<group>"; };
		04E1FB391D2F889F0090B058 /* ZEProgressView.m */ = {isa = PBXFileReference; fileEncoding = 4; lastKnownFileType = sourcecode.c.objc; path = ZEProgressView.m; sourceTree = "<group>"; };
		04E788191CCF973A004ED75B /* Feed_barShadow@3x.png */ = {isa = PBXFileReference; lastKnownFileType = image.png; path = "Feed_barShadow@3x.png"; sourceTree = "<group>"; };
		04E7881A1CCF973A004ED75B /* Feed_barShadow@2x.png */ = {isa = PBXFileReference; lastKnownFileType = image.png; path = "Feed_barShadow@2x.png"; sourceTree = "<group>"; };
		04F3A5041BAFDE3200CA479A /* TestData.plist */ = {isa = PBXFileReference; fileEncoding = 4; lastKnownFileType = text.plist.xml; path = TestData.plist; sourceTree = "<group>"; };
		04F3A5071BAFE4CF00CA479A /* UIView+SAAdditions.h */ = {isa = PBXFileReference; fileEncoding = 4; lastKnownFileType = sourcecode.c.h; path = "UIView+SAAdditions.h"; sourceTree = "<group>"; };
		04F3A5081BAFE4CF00CA479A /* UIView+SAAdditions.m */ = {isa = PBXFileReference; fileEncoding = 4; lastKnownFileType = sourcecode.c.objc; path = "UIView+SAAdditions.m"; sourceTree = "<group>"; };
		04F3A50B1BB10ABD00CA479A /* TFScrollView.h */ = {isa = PBXFileReference; fileEncoding = 4; lastKnownFileType = sourcecode.c.h; path = TFScrollView.h; sourceTree = "<group>"; };
		04F3A50C1BB10ABD00CA479A /* TFScrollView.m */ = {isa = PBXFileReference; fileEncoding = 4; lastKnownFileType = sourcecode.c.objc; path = TFScrollView.m; sourceTree = "<group>"; };
		7DB134BCC26F089F999325CD /* Pods.debug.xcconfig */ = {isa = PBXFileReference; includeInIndex = 1; lastKnownFileType = text.xcconfig; name = Pods.debug.xcconfig; path = "Pods/Target Support Files/Pods/Pods.debug.xcconfig"; sourceTree = "<group>"; };
		C2B1B9197ABEF8ACB0586FBC /* libPods.a */ = {isa = PBXFileReference; explicitFileType = archive.ar; includeInIndex = 0; path = libPods.a; sourceTree = BUILT_PRODUCTS_DIR; };
		F3CD230209609975A4DF59BB /* Pods.release.xcconfig */ = {isa = PBXFileReference; includeInIndex = 1; lastKnownFileType = text.xcconfig; name = Pods.release.xcconfig; path = "Pods/Target Support Files/Pods/Pods.release.xcconfig"; sourceTree = "<group>"; };
/* End PBXFileReference section */

/* Begin PBXFrameworksBuildPhase section */
		045611A21BAE90EB0043EA6C /* Frameworks */ = {
			isa = PBXFrameworksBuildPhase;
			buildActionMask = 2147483647;
			files = (
				E7257CADE8EFFA2C6053C263 /* libPods.a in Frameworks */,
			);
			runOnlyForDeploymentPostprocessing = 0;
		};
		045611BB1BAE90EB0043EA6C /* Frameworks */ = {
			isa = PBXFrameworksBuildPhase;
			buildActionMask = 2147483647;
			files = (
			);
			runOnlyForDeploymentPostprocessing = 0;
		};
		045611C61BAE90EB0043EA6C /* Frameworks */ = {
			isa = PBXFrameworksBuildPhase;
			buildActionMask = 2147483647;
			files = (
			);
			runOnlyForDeploymentPostprocessing = 0;
		};
/* End PBXFrameworksBuildPhase section */

/* Begin PBXGroup section */
		0408C4AA1C119E8600AFF319 /* ProgressIndicator */ = {
			isa = PBXGroup;
			children = (
				0408C4AB1C119E8600AFF319 /* ProgressIndicatorView.h */,
				0408C4AC1C119E8600AFF319 /* ProgressIndicatorView.m */,
			);
			path = ProgressIndicator;
			sourceTree = "<group>";
		};
		042301831D222921005231B6 /* Block Test */ = {
			isa = PBXGroup;
			children = (
				042301841D222921005231B6 /* BlockInstance.h */,
				042301851D222921005231B6 /* BlockInstance.m */,
				042301861D222921005231B6 /* BlockTest.h */,
				042301871D222921005231B6 /* BlockTest.m */,
			);
			path = "Block Test";
			sourceTree = "<group>";
		};
		0423018D1D223C65005231B6 /* Third */ = {
			isa = PBXGroup;
			children = (
				042301961D22562C005231B6 /* RSA+AES */,
			);
			path = Third;
			sourceTree = "<group>";
		};
		042301961D22562C005231B6 /* RSA+AES */ = {
			isa = PBXGroup;
			children = (
				042712441D2A866F005938AE /* AES.c */,
				042712451D2A866F005938AE /* AESCipher.h */,
				042712461D2A866F005938AE /* AESCipher.m */,
				0423019D1D225694005231B6 /* RSAES.h */,
				042301971D22562C005231B6 /* NSData+AES128.h */,
				042301981D22562C005231B6 /* NSData+AES128.m */,
				042301991D22562C005231B6 /* RSA.h */,
				0423019A1D22562C005231B6 /* RSA.m */,
				042712491D2B5003005938AE /* NSData+md5.h */,
				0427124A1D2B5003005938AE /* NSData+md5.m */,
			);
			path = "RSA+AES";
			sourceTree = "<group>";
		};
		0432BA431D2619880003CB4A /* ViewModel */ = {
			isa = PBXGroup;
			children = (
				0432BA4E1D262D550003CB4A /* ZEBookViewModel.h */,
				0432BA4F1D262D550003CB4A /* ZEBookViewModel.m */,
				0432BA511D262D620003CB4A /* ZEChapterViewModel.h */,
				0432BA521D262D620003CB4A /* ZEChapterViewModel.m */,
			);
			path = ViewModel;
			sourceTree = "<group>";
		};
		0432BA441D2619E00003CB4A /* Core */ = {
			isa = PBXGroup;
			children = (
				04BB11361D2CDA7A009224D8 /* DTHTMLElement+style.h */,
				04BB11371D2CDA7A009224D8 /* DTHTMLElement+style.m */,
				0432BA451D2619E00003CB4A /* ZEReadFile.h */,
				0432BA461D2619E00003CB4A /* ZEReadFile.m */,
				0432BA471D2619E00003CB4A /* ZEReadParser.h */,
				0432BA481D2619E00003CB4A /* ZEReadParser.m */,
				0432BA491D2619E00003CB4A /* ZEReadStyleConfig.h */,
				0432BA4A1D2619E00003CB4A /* ZEReadStyleConfig.m */,
			);
			path = Core;
			sourceTree = "<group>";
		};
		04341F7E1BD3D12300376EBA /* Spotlight */ = {
			isa = PBXGroup;
			children = (
				04341F7F1BD3D12300376EBA /* SpotlightManage.h */,
				04341F801BD3D12300376EBA /* SpotlightManage.m */,
			);
			path = Spotlight;
			sourceTree = "<group>";
		};
		044203091D211FA0003164CC /* Epub */ = {
			isa = PBXGroup;
			children = (
				0423018D1D223C65005231B6 /* Third */,
				0442030F1D211FF4003164CC /* Reource */,
				0432BA441D2619E00003CB4A /* Core */,
				0432BA431D2619880003CB4A /* ViewModel */,
				0442030E1D211FF4003164CC /* Model */,
				044203101D211FF4003164CC /* View */,
				04BB11E81D2E3976009224D8 /* ViewControllers */,
				04BEFB981D24F78D00C78692 /* ZEPageViewController.h */,
				04BEFB991D24F78D00C78692 /* ZEPageViewController.m */,
				04BEFB9B1D24F7A200C78692 /* ZEReadViewController.h */,
				04BEFB9C1D24F7A200C78692 /* ZEReadViewController.m */,
				04BB114A1D2DFD9D009224D8 /* ZEPageViewController+Bar.h */,
				04BB114B1D2DFD9D009224D8 /* ZEPageViewController+Bar.m */,
			);
			path = Epub;
			sourceTree = "<group>";
		};
		0442030E1D211FF4003164CC /* Model */ = {
			isa = PBXGroup;
			children = (
				04BEFB8C1D24E5F300C78692 /* ZEBaseModel.h */,
				04BEFB8D1D24E5F300C78692 /* ZEBaseModel.m */,
				04BEFB8F1D24E63C00C78692 /* ZEChapter.h */,
				04BEFB901D24E63C00C78692 /* ZEChapter.m */,
				04BEFB9E1D2512F600C78692 /* ZEBook.h */,
				04BEFB9F1D2512F600C78692 /* ZEBook.m */,
			);
			path = Model;
			sourceTree = "<group>";
		};
		0442030F1D211FF4003164CC /* Reource */ = {
			isa = PBXGroup;
			children = (
				04BB11391D2DF86E009224D8 /* Images */,
				0427124C1D2B8673005938AE /* 048-RED 韵-9.1-1600.epub */,
				046E72861D27AAFB00D1ECB8 /* Hour 028-高飞龙.epub */,
				04BEFB841D24D06B00C78692 /* DTCoreTextFontOverrides.plist */,
				042301B71D24BC8D005231B6 /* 赵思家.epub */,
				0427124E1D2BA07A005938AE /* encrypted.epub */,
			);
			path = Reource;
			sourceTree = "<group>";
		};
		044203101D211FF4003164CC /* View */ = {
			isa = PBXGroup;
			children = (
				04BB11F51D2F698F009224D8 /* Cell */,
				04E1FB381D2F889F0090B058 /* ZEProgressView.h */,
				04E1FB391D2F889F0090B058 /* ZEProgressView.m */,
			);
			path = View;
			sourceTree = "<group>";
		};
		0456119C1BAE90EB0043EA6C = {
			isa = PBXGroup;
			children = (
				045611A71BAE90EB0043EA6C /* Demos */,
				045611C11BAE90EB0043EA6C /* DemosTests */,
				045611CC1BAE90EB0043EA6C /* DemosUITests */,
				045611A61BAE90EB0043EA6C /* Products */,
				A0572E40D7CEC688EA82B8A5 /* Pods */,
				7083C2EF631D281626F3CFD6 /* Frameworks */,
			);
			sourceTree = "<group>";
		};
		045611A61BAE90EB0043EA6C /* Products */ = {
			isa = PBXGroup;
			children = (
				045611A51BAE90EB0043EA6C /* Demos.app */,
				045611BE1BAE90EB0043EA6C /* DemosTests.xctest */,
				045611C91BAE90EB0043EA6C /* DemosUITests.xctest */,
			);
			name = Products;
			sourceTree = "<group>";
		};
		045611A71BAE90EB0043EA6C /* Demos */ = {
			isa = PBXGroup;
			children = (
				044203091D211FA0003164CC /* Epub */,
				042301831D222921005231B6 /* Block Test */,
				04A2477A1CC8CDFA000DED42 /* DDTableViewPager */,
				0408C4AA1C119E8600AFF319 /* ProgressIndicator */,
				04341F7E1BD3D12300376EBA /* Spotlight */,
				045611DE1BAE92990043EA6C /* DemoListViewController.h */,
				045611DF1BAE92990043EA6C /* DemoListViewController.m */,
				0499D9091BB14A76009345FE /* UIKit Dynamic demo */,
				04F3A5061BAFE4CF00CA479A /* Utilities */,
				045612211BAFC05E0043EA6C /* IMessages Demo */,
				045611F61BAEA8DE0043EA6C /* Bezier Demo */,
				045611F91BAEA8DE0043EA6C /* ComponentKit Demo */,
				045611FC1BAEA8DE0043EA6C /* Periscope Demo */,
				045611FF1BAEA8DE0043EA6C /* Recources */,
				045612011BAEA8DE0043EA6C /* Supporting Files */,
			);
			path = Demos;
			sourceTree = "<group>";
		};
		045611C11BAE90EB0043EA6C /* DemosTests */ = {
			isa = PBXGroup;
			children = (
				045611C21BAE90EB0043EA6C /* DemosTests.m */,
				045611C41BAE90EB0043EA6C /* Info.plist */,
			);
			path = DemosTests;
			sourceTree = "<group>";
		};
		045611CC1BAE90EB0043EA6C /* DemosUITests */ = {
			isa = PBXGroup;
			children = (
				045611CD1BAE90EB0043EA6C /* DemosUITests.m */,
				045611CF1BAE90EB0043EA6C /* Info.plist */,
			);
			path = DemosUITests;
			sourceTree = "<group>";
		};
		045611F61BAEA8DE0043EA6C /* Bezier Demo */ = {
			isa = PBXGroup;
			children = (
				045611F71BAEA8DE0043EA6C /* BezierViewController.h */,
				045611F81BAEA8DE0043EA6C /* BezierViewController.mm */,
			);
			path = "Bezier Demo";
			sourceTree = "<group>";
		};
		045611F91BAEA8DE0043EA6C /* ComponentKit Demo */ = {
			isa = PBXGroup;
			children = (
				045611FA1BAEA8DE0043EA6C /* ComponentViewController.h */,
				045611FB1BAEA8DE0043EA6C /* ComponentViewController.mm */,
				045EB1A41C300F51005CC75E /* ArticleComponent.h */,
				045EB1A51C300F51005CC75E /* ArticleComponent.mm */,
				045EB1A71C300FBD005CC75E /* Article.h */,
				045EB1A81C300FBD005CC75E /* Article.m */,
				04CA94F81CFC6C14002AF2D8 /* ZLTextComponent.h */,
				04CA94F91CFC6C14002AF2D8 /* ZLTextComponent.mm */,
			);
			path = "ComponentKit Demo";
			sourceTree = "<group>";
		};
		045611FC1BAEA8DE0043EA6C /* Periscope Demo */ = {
			isa = PBXGroup;
			children = (
				045611FE1BAEA8DE0043EA6C /* PeriscopeViewController.m */,
				045611FD1BAEA8DE0043EA6C /* PeriscopeViewController.h */,
				045612161BAEDFCE0043EA6C /* TFView.h */,
				045612171BAEDFCE0043EA6C /* TFView.m */,
				04F3A50B1BB10ABD00CA479A /* TFScrollView.h */,
				04F3A50C1BB10ABD00CA479A /* TFScrollView.m */,
			);
			path = "Periscope Demo";
			sourceTree = "<group>";
		};
		045611FF1BAEA8DE0043EA6C /* Recources */ = {
			isa = PBXGroup;
			children = (
				04E788191CCF973A004ED75B /* Feed_barShadow@3x.png */,
				04E7881A1CCF973A004ED75B /* Feed_barShadow@2x.png */,
				04892E611BB3C7B000CB0437 /* Big image */,
			);
			path = Recources;
			sourceTree = "<group>";
		};
		045612011BAEA8DE0043EA6C /* Supporting Files */ = {
			isa = PBXGroup;
			children = (
				045612021BAEA8DE0043EA6C /* AppDelegate.h */,
				045612031BAEA8DE0043EA6C /* AppDelegate.m */,
				045612041BAEA8DE0043EA6C /* Assets.xcassets */,
				045612051BAEA8DE0043EA6C /* LaunchScreen.storyboard */,
				045612071BAEA8DE0043EA6C /* DemoListData.plist */,
				04F3A5041BAFDE3200CA479A /* TestData.plist */,
				045612081BAEA8DE0043EA6C /* Info.plist */,
				045612091BAEA8DE0043EA6C /* main.m */,
				0456123A1BAFCB5D0043EA6C /* Defines.h */,
				0456123B1BAFCBD80043EA6C /* Demos-Prefix.pch */,
				04892E641BB3D59D00CB0437 /* ImagesData.plist */,
			);
			path = "Supporting Files";
			sourceTree = "<group>";
		};
		045612211BAFC05E0043EA6C /* IMessages Demo */ = {
			isa = PBXGroup;
			children = (
				045612221BAFC07D0043EA6C /* IMessageViewController.h */,
				045612231BAFC07D0043EA6C /* IMessageViewController.m */,
				04892E791BB4EF1C00CB0437 /* TFSpringCollectionViewFlowLayout.h */,
				04892E7A1BB4EF1C00CB0437 /* TFSpringCollectionViewFlowLayout.m */,
			);
			path = "IMessages Demo";
			sourceTree = "<group>";
		};
		04892E611BB3C7B000CB0437 /* Big image */ = {
			isa = PBXGroup;
			children = (
				04892E621BB3D4D700CB0437 /* IMG_1853.jpg */,
				04892E5D1BB3C7AA00CB0437 /* IMG_2237.jpg */,
				04892E5E1BB3C7AA00CB0437 /* IMG_2238.jpg */,
			);
			name = "Big image";
			sourceTree = "<group>";
		};
		0499D9091BB14A76009345FE /* UIKit Dynamic demo */ = {
			isa = PBXGroup;
			children = (
				0499D90A1BB14A91009345FE /* DynamicAnimationViewController.h */,
				0499D90B1BB14A91009345FE /* DynamicAnimationViewController.m */,
			);
			path = "UIKit Dynamic demo";
			sourceTree = "<group>";
		};
		04A2477A1CC8CDFA000DED42 /* DDTableViewPager */ = {
			isa = PBXGroup;
			children = (
				04A2477B1CC9D9D6000DED42 /* DDItemScrollView.h */,
				04A2477C1CC9D9D6000DED42 /* DDItemScrollView.m */,
				0489854F1CCDF3FC00471171 /* DDTabPagerViewController.h */,
				048985501CCDF3FC00471171 /* DDTabPagerViewController.m */,
			);
			path = DDTableViewPager;
			sourceTree = "<group>";
		};
		04BB11391D2DF86E009224D8 /* Images */ = {
			isa = PBXGroup;
			children = (
				04BB11D11D2E32BF009224D8 /* in zhihu app */,
				04BB11551D2E3238009224D8 /* Bookmarks_Highlight@2x.png */,
				04BB11561D2E3238009224D8 /* Bookmarks_Highlight@3x.png */,
				04BB11571D2E3238009224D8 /* Bookmarks_Normal@2x.png */,
				04BB11581D2E3238009224D8 /* Bookmarks_Normal@3x.png */,
				04BB11591D2E3238009224D8 /* Columnup_Highlight@2x.png */,
				04BB115A1D2E3238009224D8 /* Columnup_Highlight@3x.png */,
				04BB115B1D2E3238009224D8 /* Columnup_Normal@2x.png */,
				04BB115C1D2E3238009224D8 /* Columnup_Normal@3x.png */,
				04BB115D1D2E3238009224D8 /* Comment_Normal@2x.png */,
				04BB115E1D2E3238009224D8 /* Comment_Normal@3x.png */,
				04BB115F1D2E3238009224D8 /* List_Download@2x.png */,
				04BB11601D2E3238009224D8 /* List_Download@3x.png */,
				04BB11611D2E3238009224D8 /* List_Retry@2x.png */,
				04BB11621D2E3238009224D8 /* List_Retry@3x.png */,
				04BB11631D2E3238009224D8 /* Mark@2x.png */,
				04BB11641D2E3238009224D8 /* Mark@3x.png */,
				04BB11651D2E3238009224D8 /* More_Book_Normal@2x.png */,
				04BB11661D2E3238009224D8 /* More_Book_Normal@3x.png */,
				04BB11691D2E3238009224D8 /* Nigh_Read_Day@2x.png */,
				04BB116A1D2E3238009224D8 /* Nigh_Read_Day@3x.png */,
				04BB116B1D2E3238009224D8 /* Night_Bookmarks_Highlight@2x.png */,
				04BB116C1D2E3238009224D8 /* Night_Bookmarks_Highlight@3x.png */,
				04BB116D1D2E3238009224D8 /* Night_Bookmarks_Normal@2x.png */,
				04BB116E1D2E3238009224D8 /* Night_Bookmarks_Normal@3x.png */,
				04BB116F1D2E3238009224D8 /* Night_Columnup_Highlight@2x.png */,
				04BB11701D2E3238009224D8 /* Night_Columnup_Highlight@3x.png */,
				04BB11711D2E3238009224D8 /* Night_Columnup_Normal@2x.png */,
				04BB11721D2E3238009224D8 /* Night_Columnup_Normal@3x.png */,
				04BB11731D2E3238009224D8 /* Night_Comment_normal@2x.png */,
				04BB11741D2E3238009224D8 /* Night_Comment_normal@3x.png */,
				04BB11751D2E3238009224D8 /* Night_List_Download@2x.png */,
				04BB11761D2E3238009224D8 /* Night_List_Download@3x.png */,
				04BB11771D2E3238009224D8 /* Night_List_Retry@2x.png */,
				04BB11781D2E3238009224D8 /* Night_List_Retry@13x.png */,
				04BB11791D2E3238009224D8 /* Night_More_Book_Normal@2x.png */,
				04BB117A1D2E3238009224D8 /* Night_More_Book_Normal@3x.png */,
				04BB117B1D2E3238009224D8 /* Night_More_CollectIcon_Normal@2x.png */,
				04BB117C1D2E3238009224D8 /* Night_More_CollectIcon_Normal@3x.png */,
				04BB117D1D2E3238009224D8 /* Night_Read_Bar_Bookmarks_Highlight@2x.png */,
				04BB117E1D2E3238009224D8 /* Night_Read_Bar_Bookmarks_Highlight@3x.png */,
				04BB117F1D2E3238009224D8 /* Night_Read_Bar_Bookmarks_Normal@2x.png */,
				04BB11801D2E3238009224D8 /* Night_Read_Bar_Bookmarks_Normal@3x.png */,
				04BB11811D2E3238009224D8 /* Night_Read_Bar_Catalog_Normal@2x.png */,
				04BB11821D2E3238009224D8 /* Night_Read_Bar_Catalog_Normal@3x.png */,
				04BB11831D2E3238009224D8 /* Night_Read_Note@2x.png */,
				04BB11841D2E3238009224D8 /* Night_Read_Note@3x.png */,
				04BB11851D2E3238009224D8 /* Read_Bar_Bookmarks_Highlight@2x.png */,
				04BB11861D2E3238009224D8 /* Read_Bar_Bookmarks_Highlight@3x.png */,
				04BB11871D2E3238009224D8 /* Read_Bar_Bookmarks_Normal@2x.png */,
				04BB11881D2E3238009224D8 /* Read_Bar_Bookmarks_Normal@3x.png */,
				04BB11891D2E3238009224D8 /* Read_Bar_Catalog_Normal@2x.png */,
				04BB118A1D2E3238009224D8 /* Read_Bar_Catalog_Normal@3x.png */,
				04BB118B1D2E3238009224D8 /* Read_Note@2x.png */,
				04BB118C1D2E3238009224D8 /* Read_Note@3x.png */,
				04BB118D1D2E3238009224D8 /* Read_Return_Back@2x.png */,
				04BB118E1D2E3238009224D8 /* Read_Return_Back@3x.png */,
				04BB118F1D2E3238009224D8 /* Read_Return_Invalid@2x.png */,
				04BB11901D2E3238009224D8 /* Read_Return_Invalid@3x.png */,
				04BB11911D2E3238009224D8 /* Read_Return@2x.png */,
				04BB11921D2E3238009224D8 /* Read_Return@3x.png */,
			);
			path = Images;
			sourceTree = "<group>";
		};
		04BB11D11D2E32BF009224D8 /* in zhihu app */ = {
			isa = PBXGroup;
			children = (
				04BB11E41D2E335A009224D8 /* Night_Night@2x.png */,
				04BB11E51D2E335A009224D8 /* Night_Night@3x.png */,
				04BB11D21D2E32D1009224D8 /* Back_Highligh@2x.png */,
				04BB11D31D2E32D1009224D8 /* Back_Highligh@3x.png */,
				04BB11D41D2E32D1009224D8 /* Back_Normal@2x.png */,
				04BB11D51D2E32D1009224D8 /* Back_Normal@3x.png */,
				04BB11D61D2E32D1009224D8 /* Night_Back_Highligh@2x.png */,
				04BB11D71D2E32D1009224D8 /* Night_Back_Highligh@3x.png */,
				04BB11D81D2E32D1009224D8 /* Night_Back_Normal@2x.png */,
				04BB11D91D2E32D1009224D8 /* Night_Back_Normal@3x.png */,
				04BB11DA1D2E32D1009224D8 /* Night_BackArrow_iOS7@2x.png */,
			);
			name = "in zhihu app";
			sourceTree = "<group>";
		};
		04BB11E81D2E3976009224D8 /* ViewControllers */ = {
			isa = PBXGroup;
			children = (
				04BB11E91D2E41DF009224D8 /* ZESwitchViewController.h */,
				04BB11EA1D2E41DF009224D8 /* ZESwitchViewController.m */,
				04BB11EC1D2E45FA009224D8 /* ZENavigationController.h */,
				04BB11ED1D2E45FA009224D8 /* ZENavigationController.m */,
				04BB11EF1D2F4C47009224D8 /* ZEChapterListViewController.h */,
				04BB11F01D2F4C47009224D8 /* ZEChapterListViewController.m */,
				04BB11F21D2F4C5A009224D8 /* ZEMarkListViewController.h */,
				04BB11F31D2F4C5A009224D8 /* ZEMarkListViewController.m */,
			);
			path = ViewControllers;
			sourceTree = "<group>";
		};
		04BB11F51D2F698F009224D8 /* Cell */ = {
			isa = PBXGroup;
			children = (
				04BB11F61D2F69A8009224D8 /* ZEChapterTableViewCell.h */,
				04BB11F71D2F69A8009224D8 /* ZEChapterTableViewCell.m */,
			);
			name = Cell;
			sourceTree = "<group>";
		};
		04F3A5061BAFE4CF00CA479A /* Utilities */ = {
			isa = PBXGroup;
			children = (
				04F3A5071BAFE4CF00CA479A /* UIView+SAAdditions.h */,
				04F3A5081BAFE4CF00CA479A /* UIView+SAAdditions.m */,
				04892E661BB3D65C00CB0437 /* UIImage+Additions.h */,
				04892E671BB3D65C00CB0437 /* UIImage+Additions.m */,
				04892E841BB51A1A00CB0437 /* UIColor+Random.h */,
				04892E851BB51A1A00CB0437 /* UIColor+Random.m */,
			);
			path = Utilities;
			sourceTree = "<group>";
		};
		7083C2EF631D281626F3CFD6 /* Frameworks */ = {
			isa = PBXGroup;
			children = (
				C2B1B9197ABEF8ACB0586FBC /* libPods.a */,
			);
			name = Frameworks;
			sourceTree = "<group>";
		};
		A0572E40D7CEC688EA82B8A5 /* Pods */ = {
			isa = PBXGroup;
			children = (
				7DB134BCC26F089F999325CD /* Pods.debug.xcconfig */,
				F3CD230209609975A4DF59BB /* Pods.release.xcconfig */,
			);
			name = Pods;
			sourceTree = "<group>";
		};
/* End PBXGroup section */

/* Begin PBXNativeTarget section */
		045611A41BAE90EB0043EA6C /* Demos */ = {
			isa = PBXNativeTarget;
			buildConfigurationList = 045611D21BAE90EB0043EA6C /* Build configuration list for PBXNativeTarget "Demos" */;
			buildPhases = (
				C2B7FAC771775829013A1DB9 /* Check Pods Manifest.lock */,
				045611A11BAE90EB0043EA6C /* Sources */,
				045611A21BAE90EB0043EA6C /* Frameworks */,
				045611A31BAE90EB0043EA6C /* Resources */,
				B30F01617CFCBCB40D2E7BA7 /* Copy Pods Resources */,
				24E89700361AA99B9BBDEC4C /* Embed Pods Frameworks */,
			);
			buildRules = (
			);
			dependencies = (
			);
			name = Demos;
			productName = Demos;
			productReference = 045611A51BAE90EB0043EA6C /* Demos.app */;
			productType = "com.apple.product-type.application";
		};
		045611BD1BAE90EB0043EA6C /* DemosTests */ = {
			isa = PBXNativeTarget;
			buildConfigurationList = 045611D51BAE90EB0043EA6C /* Build configuration list for PBXNativeTarget "DemosTests" */;
			buildPhases = (
				045611BA1BAE90EB0043EA6C /* Sources */,
				045611BB1BAE90EB0043EA6C /* Frameworks */,
				045611BC1BAE90EB0043EA6C /* Resources */,
			);
			buildRules = (
			);
			dependencies = (
				045611C01BAE90EB0043EA6C /* PBXTargetDependency */,
			);
			name = DemosTests;
			productName = DemosTests;
			productReference = 045611BE1BAE90EB0043EA6C /* DemosTests.xctest */;
			productType = "com.apple.product-type.bundle.unit-test";
		};
		045611C81BAE90EB0043EA6C /* DemosUITests */ = {
			isa = PBXNativeTarget;
			buildConfigurationList = 045611D81BAE90EB0043EA6C /* Build configuration list for PBXNativeTarget "DemosUITests" */;
			buildPhases = (
				045611C51BAE90EB0043EA6C /* Sources */,
				045611C61BAE90EB0043EA6C /* Frameworks */,
				045611C71BAE90EB0043EA6C /* Resources */,
			);
			buildRules = (
			);
			dependencies = (
				045611CB1BAE90EB0043EA6C /* PBXTargetDependency */,
			);
			name = DemosUITests;
			productName = DemosUITests;
			productReference = 045611C91BAE90EB0043EA6C /* DemosUITests.xctest */;
			productType = "com.apple.product-type.bundle.ui-testing";
		};
/* End PBXNativeTarget section */

/* Begin PBXProject section */
		0456119D1BAE90EB0043EA6C /* Project object */ = {
			isa = PBXProject;
			attributes = {
				LastUpgradeCheck = 0700;
				ORGANIZATIONNAME = taffy;
				TargetAttributes = {
					045611A41BAE90EB0043EA6C = {
						CreatedOnToolsVersion = 7.0;
					};
					045611BD1BAE90EB0043EA6C = {
						CreatedOnToolsVersion = 7.0;
						TestTargetID = 045611A41BAE90EB0043EA6C;
					};
					045611C81BAE90EB0043EA6C = {
						CreatedOnToolsVersion = 7.0;
						TestTargetID = 045611A41BAE90EB0043EA6C;
					};
				};
			};
			buildConfigurationList = 045611A01BAE90EB0043EA6C /* Build configuration list for PBXProject "Demos" */;
			compatibilityVersion = "Xcode 3.2";
			developmentRegion = English;
			hasScannedForEncodings = 0;
			knownRegions = (
				en,
				Base,
			);
			mainGroup = 0456119C1BAE90EB0043EA6C;
			productRefGroup = 045611A61BAE90EB0043EA6C /* Products */;
			projectDirPath = "";
			projectRoot = "";
			targets = (
				045611A41BAE90EB0043EA6C /* Demos */,
				045611BD1BAE90EB0043EA6C /* DemosTests */,
				045611C81BAE90EB0043EA6C /* DemosUITests */,
			);
		};
/* End PBXProject section */

/* Begin PBXResourcesBuildPhase section */
		045611A31BAE90EB0043EA6C /* Resources */ = {
			isa = PBXResourcesBuildPhase;
			buildActionMask = 2147483647;
			files = (
				04BB11D01D2E3238009224D8 /* Read_Return@3x.png in Resources */,
				04BB11C01D2E3238009224D8 /* Night_Read_Bar_Catalog_Normal@3x.png in Resources */,
				04892E631BB3D4D700CB0437 /* IMG_1853.jpg in Resources */,
				0427124D1D2B86A2005938AE /* 048-RED 韵-9.1-1600.epub in Resources */,
				045612101BAEA8DE0043EA6C /* LaunchScreen.storyboard in Resources */,
				04BB11A41D2E3238009224D8 /* More_Book_Normal@3x.png in Resources */,
				04BB11E21D2E32D1009224D8 /* Night_Back_Normal@3x.png in Resources */,
				04BB119C1D2E3238009224D8 /* Comment_Normal@3x.png in Resources */,
				04BB11DE1D2E32D1009224D8 /* Back_Normal@3x.png in Resources */,
				04BB11C51D2E3238009224D8 /* Read_Bar_Bookmarks_Normal@2x.png in Resources */,
				04E7881C1CCF973A004ED75B /* Feed_barShadow@2x.png in Resources */,
				04BB119A1D2E3238009224D8 /* Columnup_Normal@3x.png in Resources */,
				04BB119B1D2E3238009224D8 /* Comment_Normal@2x.png in Resources */,
				04BB11AE1D2E3238009224D8 /* Night_Columnup_Highlight@3x.png in Resources */,
				04BB11A81D2E3238009224D8 /* Nigh_Read_Day@3x.png in Resources */,
				04BB11CC1D2E3238009224D8 /* Read_Return_Back@3x.png in Resources */,
				0456120F1BAEA8DE0043EA6C /* Assets.xcassets in Resources */,
				04BB11E01D2E32D1009224D8 /* Night_Back_Highligh@3x.png in Resources */,
				04BB11B61D2E3238009224D8 /* Night_List_Retry@13x.png in Resources */,
				04BB11B41D2E3238009224D8 /* Night_List_Download@3x.png in Resources */,
				04BB11CB1D2E3238009224D8 /* Read_Return_Back@2x.png in Resources */,
				04F3A5051BAFDE3200CA479A /* TestData.plist in Resources */,
				04BB11AD1D2E3238009224D8 /* Night_Columnup_Highlight@2x.png in Resources */,
				04BB11B51D2E3238009224D8 /* Night_List_Retry@2x.png in Resources */,
				04BB11BE1D2E3238009224D8 /* Night_Read_Bar_Bookmarks_Normal@3x.png in Resources */,
				04BB11AC1D2E3238009224D8 /* Night_Bookmarks_Normal@3x.png in Resources */,
				04BB11BA1D2E3238009224D8 /* Night_More_CollectIcon_Normal@3x.png in Resources */,
				04BEFB851D24D06B00C78692 /* DTCoreTextFontOverrides.plist in Resources */,
				04BB11E11D2E32D1009224D8 /* Night_Back_Normal@2x.png in Resources */,
				04BB11AB1D2E3238009224D8 /* Night_Bookmarks_Normal@2x.png in Resources */,
				04BB11931D2E3238009224D8 /* Bookmarks_Highlight@2x.png in Resources */,
				04BB11971D2E3238009224D8 /* Columnup_Highlight@2x.png in Resources */,
				04BB11B91D2E3238009224D8 /* Night_More_CollectIcon_Normal@2x.png in Resources */,
				04BB11A21D2E3238009224D8 /* Mark@3x.png in Resources */,
				04BB11941D2E3238009224D8 /* Bookmarks_Highlight@3x.png in Resources */,
				04BB11981D2E3238009224D8 /* Columnup_Highlight@3x.png in Resources */,
				04BB11CE1D2E3238009224D8 /* Read_Return_Invalid@3x.png in Resources */,
				04BB119E1D2E3238009224D8 /* List_Download@3x.png in Resources */,
				04BB11DC1D2E32D1009224D8 /* Back_Highligh@3x.png in Resources */,
				04BB119F1D2E3238009224D8 /* List_Retry@2x.png in Resources */,
				04BB11AF1D2E3238009224D8 /* Night_Columnup_Normal@2x.png in Resources */,
				04BB11951D2E3238009224D8 /* Bookmarks_Normal@2x.png in Resources */,
				04892E651BB3D59D00CB0437 /* ImagesData.plist in Resources */,
				04892E5F1BB3C7AA00CB0437 /* IMG_2237.jpg in Resources */,
				04BB11BC1D2E3238009224D8 /* Night_Read_Bar_Bookmarks_Highlight@3x.png in Resources */,
				04BB11CD1D2E3238009224D8 /* Read_Return_Invalid@2x.png in Resources */,
				04BB11C91D2E3238009224D8 /* Read_Note@2x.png in Resources */,
				04BB11AA1D2E3238009224D8 /* Night_Bookmarks_Highlight@3x.png in Resources */,
				046E72871D27AAFB00D1ECB8 /* Hour 028-高飞龙.epub in Resources */,
				04BB11C31D2E3238009224D8 /* Read_Bar_Bookmarks_Highlight@2x.png in Resources */,
				04BB119D1D2E3238009224D8 /* List_Download@2x.png in Resources */,
				0427124F1D2BA07A005938AE /* encrypted.epub in Resources */,
				04892E601BB3C7AA00CB0437 /* IMG_2238.jpg in Resources */,
				04BB11A71D2E3238009224D8 /* Nigh_Read_Day@2x.png in Resources */,
				04BB11B31D2E3238009224D8 /* Night_List_Download@2x.png in Resources */,
				04E7881B1CCF973A004ED75B /* Feed_barShadow@3x.png in Resources */,
				04BB11C21D2E3238009224D8 /* Night_Read_Note@3x.png in Resources */,
				04BB11C11D2E3238009224D8 /* Night_Read_Note@2x.png in Resources */,
				04BB11B71D2E3238009224D8 /* Night_More_Book_Normal@2x.png in Resources */,
				04BB11BD1D2E3238009224D8 /* Night_Read_Bar_Bookmarks_Normal@2x.png in Resources */,
				04BB11C81D2E3238009224D8 /* Read_Bar_Catalog_Normal@3x.png in Resources */,
				04BB11A91D2E3238009224D8 /* Night_Bookmarks_Highlight@2x.png in Resources */,
				04BB11CF1D2E3238009224D8 /* Read_Return@2x.png in Resources */,
				04BB11A31D2E3238009224D8 /* More_Book_Normal@2x.png in Resources */,
				04BB11E31D2E32D1009224D8 /* Night_BackArrow_iOS7@2x.png in Resources */,
				04BB11E71D2E335A009224D8 /* Night_Night@3x.png in Resources */,
				04BB11DB1D2E32D1009224D8 /* Back_Highligh@2x.png in Resources */,
				04BB11B11D2E3238009224D8 /* Night_Comment_normal@2x.png in Resources */,
				04BB11A01D2E3238009224D8 /* List_Retry@3x.png in Resources */,
				04BB11991D2E3238009224D8 /* Columnup_Normal@2x.png in Resources */,
				04BB11961D2E3238009224D8 /* Bookmarks_Normal@3x.png in Resources */,
				04BB11CA1D2E3238009224D8 /* Read_Note@3x.png in Resources */,
				045612111BAEA8DE0043EA6C /* DemoListData.plist in Resources */,
				04BB11B81D2E3238009224D8 /* Night_More_Book_Normal@3x.png in Resources */,
				04BB11B21D2E3238009224D8 /* Night_Comment_normal@3x.png in Resources */,
				04BB11C61D2E3238009224D8 /* Read_Bar_Bookmarks_Normal@3x.png in Resources */,
				04BB11DD1D2E32D1009224D8 /* Back_Normal@2x.png in Resources */,
				04BB11C71D2E3238009224D8 /* Read_Bar_Catalog_Normal@2x.png in Resources */,
				042301B81D24BCA8005231B6 /* 赵思家.epub in Resources */,
				04BB11E61D2E335A009224D8 /* Night_Night@2x.png in Resources */,
				04BB11BF1D2E3238009224D8 /* Night_Read_Bar_Catalog_Normal@2x.png in Resources */,
				04BB11B01D2E3238009224D8 /* Night_Columnup_Normal@3x.png in Resources */,
				04BB11BB1D2E3238009224D8 /* Night_Read_Bar_Bookmarks_Highlight@2x.png in Resources */,
				04BB11A11D2E3238009224D8 /* Mark@2x.png in Resources */,
				04BB11DF1D2E32D1009224D8 /* Night_Back_Highligh@2x.png in Resources */,
				04BB11C41D2E3238009224D8 /* Read_Bar_Bookmarks_Highlight@3x.png in Resources */,
			);
			runOnlyForDeploymentPostprocessing = 0;
		};
		045611BC1BAE90EB0043EA6C /* Resources */ = {
			isa = PBXResourcesBuildPhase;
			buildActionMask = 2147483647;
			files = (
			);
			runOnlyForDeploymentPostprocessing = 0;
		};
		045611C71BAE90EB0043EA6C /* Resources */ = {
			isa = PBXResourcesBuildPhase;
			buildActionMask = 2147483647;
			files = (
			);
			runOnlyForDeploymentPostprocessing = 0;
		};
/* End PBXResourcesBuildPhase section */

/* Begin PBXShellScriptBuildPhase section */
		24E89700361AA99B9BBDEC4C /* Embed Pods Frameworks */ = {
			isa = PBXShellScriptBuildPhase;
			buildActionMask = 2147483647;
			files = (
			);
			inputPaths = (
			);
			name = "Embed Pods Frameworks";
			outputPaths = (
			);
			runOnlyForDeploymentPostprocessing = 0;
			shellPath = /bin/sh;
			shellScript = "\"${SRCROOT}/Pods/Target Support Files/Pods/Pods-frameworks.sh\"\n";
			showEnvVarsInLog = 0;
		};
		B30F01617CFCBCB40D2E7BA7 /* Copy Pods Resources */ = {
			isa = PBXShellScriptBuildPhase;
			buildActionMask = 2147483647;
			files = (
			);
			inputPaths = (
			);
			name = "Copy Pods Resources";
			outputPaths = (
			);
			runOnlyForDeploymentPostprocessing = 0;
			shellPath = /bin/sh;
			shellScript = "\"${SRCROOT}/Pods/Target Support Files/Pods/Pods-resources.sh\"\n";
			showEnvVarsInLog = 0;
		};
		C2B7FAC771775829013A1DB9 /* Check Pods Manifest.lock */ = {
			isa = PBXShellScriptBuildPhase;
			buildActionMask = 2147483647;
			files = (
			);
			inputPaths = (
			);
			name = "Check Pods Manifest.lock";
			outputPaths = (
			);
			runOnlyForDeploymentPostprocessing = 0;
			shellPath = /bin/sh;
			shellScript = "diff \"${PODS_ROOT}/../Podfile.lock\" \"${PODS_ROOT}/Manifest.lock\" > /dev/null\nif [[ $? != 0 ]] ; then\n    cat << EOM\nerror: The sandbox is not in sync with the Podfile.lock. Run 'pod install' or update your CocoaPods installation.\nEOM\n    exit 1\nfi\n";
			showEnvVarsInLog = 0;
		};
/* End PBXShellScriptBuildPhase section */

/* Begin PBXSourcesBuildPhase section */
		045611A11BAE90EB0043EA6C /* Sources */ = {
			isa = PBXSourcesBuildPhase;
			buildActionMask = 2147483647;
			files = (
				04BB11EE1D2E45FA009224D8 /* ZENavigationController.m in Sources */,
				04892E861BB51A1A00CB0437 /* UIColor+Random.m in Sources */,
				04BB11F41D2F4C5A009224D8 /* ZEMarkListViewController.m in Sources */,
				045612241BAFC07D0043EA6C /* IMessageViewController.m in Sources */,
				045EB1A91C300FBD005CC75E /* Article.m in Sources */,
				04BB11F11D2F4C47009224D8 /* ZEChapterListViewController.m in Sources */,
				04341F811BD3D12300376EBA /* SpotlightManage.m in Sources */,
				04892E681BB3D65C00CB0437 /* UIImage+Additions.m in Sources */,
				045611E01BAE92990043EA6C /* DemoListViewController.m in Sources */,
				04BEFB911D24E63C00C78692 /* ZEChapter.m in Sources */,
				0456120C1BAEA8DE0043EA6C /* PeriscopeViewController.m in Sources */,
				045EB1A61C300F51005CC75E /* ArticleComponent.mm in Sources */,
				04F3A50D1BB10ABD00CA479A /* TFScrollView.m in Sources */,
				04BEFB9A1D24F78D00C78692 /* ZEPageViewController.m in Sources */,
				0432BA531D262D620003CB4A /* ZEChapterViewModel.m in Sources */,
				042301891D222921005231B6 /* BlockTest.m in Sources */,
				04E1FB3A1D2F889F0090B058 /* ZEProgressView.m in Sources */,
				0432BA501D262D550003CB4A /* ZEBookViewModel.m in Sources */,
				04CA94FA1CFC6C14002AF2D8 /* ZLTextComponent.mm in Sources */,
				0432BA4D1D2619E00003CB4A /* ZEReadStyleConfig.m in Sources */,
				04BEFB8E1D24E5F300C78692 /* ZEBaseModel.m in Sources */,
				045612181BAEDFCE0043EA6C /* TFView.m in Sources */,
				0456120B1BAEA8DE0043EA6C /* ComponentViewController.mm in Sources */,
				04BB11381D2CDA7A009224D8 /* DTHTMLElement+style.m in Sources */,
				04BEFB9D1D24F7A200C78692 /* ZEReadViewController.m in Sources */,
				0432BA4C1D2619E00003CB4A /* ZEReadParser.m in Sources */,
				0499D90C1BB14A91009345FE /* DynamicAnimationViewController.m in Sources */,
				042301881D222921005231B6 /* BlockInstance.m in Sources */,
				0423019B1D22562C005231B6 /* NSData+AES128.m in Sources */,
				04A2477D1CC9D9D6000DED42 /* DDItemScrollView.m in Sources */,
				04BB11EB1D2E41DF009224D8 /* ZESwitchViewController.m in Sources */,
				0427124B1D2B5003005938AE /* NSData+md5.m in Sources */,
				04BEFBA01D2512F600C78692 /* ZEBook.m in Sources */,
				0432BA4B1D2619E00003CB4A /* ZEReadFile.m in Sources */,
				042712471D2A866F005938AE /* AES.c in Sources */,
				04892E7B1BB4EF1C00CB0437 /* TFSpringCollectionViewFlowLayout.m in Sources */,
				04BB114C1D2DFD9D009224D8 /* ZEPageViewController+Bar.m in Sources */,
				048985511CCDF3FC00471171 /* DDTabPagerViewController.m in Sources */,
				0456120A1BAEA8DE0043EA6C /* BezierViewController.mm in Sources */,
				0423019C1D22562C005231B6 /* RSA.m in Sources */,
				045612131BAEA8DE0043EA6C /* main.m in Sources */,
				04BB11F81D2F69A8009224D8 /* ZEChapterTableViewCell.m in Sources */,
				0456120E1BAEA8DE0043EA6C /* AppDelegate.m in Sources */,
				04F3A5091BAFE4CF00CA479A /* UIView+SAAdditions.m in Sources */,
				0408C4AD1C119E8600AFF319 /* ProgressIndicatorView.m in Sources */,
				042712481D2A866F005938AE /* AESCipher.m in Sources */,
			);
			runOnlyForDeploymentPostprocessing = 0;
		};
		045611BA1BAE90EB0043EA6C /* Sources */ = {
			isa = PBXSourcesBuildPhase;
			buildActionMask = 2147483647;
			files = (
				045611C31BAE90EB0043EA6C /* DemosTests.m in Sources */,
			);
			runOnlyForDeploymentPostprocessing = 0;
		};
		045611C51BAE90EB0043EA6C /* Sources */ = {
			isa = PBXSourcesBuildPhase;
			buildActionMask = 2147483647;
			files = (
				045611CE1BAE90EB0043EA6C /* DemosUITests.m in Sources */,
			);
			runOnlyForDeploymentPostprocessing = 0;
		};
/* End PBXSourcesBuildPhase section */

/* Begin PBXTargetDependency section */
		045611C01BAE90EB0043EA6C /* PBXTargetDependency */ = {
			isa = PBXTargetDependency;
			target = 045611A41BAE90EB0043EA6C /* Demos */;
			targetProxy = 045611BF1BAE90EB0043EA6C /* PBXContainerItemProxy */;
		};
		045611CB1BAE90EB0043EA6C /* PBXTargetDependency */ = {
			isa = PBXTargetDependency;
			target = 045611A41BAE90EB0043EA6C /* Demos */;
			targetProxy = 045611CA1BAE90EB0043EA6C /* PBXContainerItemProxy */;
		};
/* End PBXTargetDependency section */

/* Begin PBXVariantGroup section */
		045612051BAEA8DE0043EA6C /* LaunchScreen.storyboard */ = {
			isa = PBXVariantGroup;
			children = (
				045612061BAEA8DE0043EA6C /* Base */,
			);
			name = LaunchScreen.storyboard;
			sourceTree = "<group>";
		};
/* End PBXVariantGroup section */

/* Begin XCBuildConfiguration section */
		045611D01BAE90EB0043EA6C /* Debug */ = {
			isa = XCBuildConfiguration;
			buildSettings = {
				ALWAYS_SEARCH_USER_PATHS = NO;
				CLANG_CXX_LANGUAGE_STANDARD = "gnu++0x";
				CLANG_CXX_LIBRARY = "libc++";
				CLANG_ENABLE_MODULES = YES;
				CLANG_ENABLE_OBJC_ARC = YES;
				CLANG_WARN_BOOL_CONVERSION = YES;
				CLANG_WARN_CONSTANT_CONVERSION = YES;
				CLANG_WARN_DIRECT_OBJC_ISA_USAGE = YES_ERROR;
				CLANG_WARN_EMPTY_BODY = YES;
				CLANG_WARN_ENUM_CONVERSION = YES;
				CLANG_WARN_INT_CONVERSION = YES;
				CLANG_WARN_OBJC_ROOT_CLASS = YES_ERROR;
				CLANG_WARN_UNREACHABLE_CODE = YES;
				CLANG_WARN__DUPLICATE_METHOD_MATCH = YES;
				"CODE_SIGN_IDENTITY[sdk=iphoneos*]" = "iPhone Developer";
				COPY_PHASE_STRIP = NO;
				DEBUG_INFORMATION_FORMAT = dwarf;
				ENABLE_STRICT_OBJC_MSGSEND = YES;
				ENABLE_TESTABILITY = YES;
				GCC_C_LANGUAGE_STANDARD = gnu99;
				GCC_DYNAMIC_NO_PIC = NO;
				GCC_NO_COMMON_BLOCKS = YES;
				GCC_OPTIMIZATION_LEVEL = 0;
				GCC_PREPROCESSOR_DEFINITIONS = (
					"DEBUG=1",
					"$(inherited)",
				);
				GCC_WARN_64_TO_32_BIT_CONVERSION = YES;
				GCC_WARN_ABOUT_RETURN_TYPE = YES_ERROR;
				GCC_WARN_UNDECLARED_SELECTOR = YES;
				GCC_WARN_UNINITIALIZED_AUTOS = YES_AGGRESSIVE;
				GCC_WARN_UNUSED_FUNCTION = YES;
				GCC_WARN_UNUSED_VARIABLE = YES;
				IPHONEOS_DEPLOYMENT_TARGET = 8.0;
				MTL_ENABLE_DEBUG_INFO = YES;
				ONLY_ACTIVE_ARCH = YES;
				SDKROOT = iphoneos;
			};
			name = Debug;
		};
		045611D11BAE90EB0043EA6C /* Release */ = {
			isa = XCBuildConfiguration;
			buildSettings = {
				ALWAYS_SEARCH_USER_PATHS = NO;
				CLANG_CXX_LANGUAGE_STANDARD = "gnu++0x";
				CLANG_CXX_LIBRARY = "libc++";
				CLANG_ENABLE_MODULES = YES;
				CLANG_ENABLE_OBJC_ARC = YES;
				CLANG_WARN_BOOL_CONVERSION = YES;
				CLANG_WARN_CONSTANT_CONVERSION = YES;
				CLANG_WARN_DIRECT_OBJC_ISA_USAGE = YES_ERROR;
				CLANG_WARN_EMPTY_BODY = YES;
				CLANG_WARN_ENUM_CONVERSION = YES;
				CLANG_WARN_INT_CONVERSION = YES;
				CLANG_WARN_OBJC_ROOT_CLASS = YES_ERROR;
				CLANG_WARN_UNREACHABLE_CODE = YES;
				CLANG_WARN__DUPLICATE_METHOD_MATCH = YES;
				"CODE_SIGN_IDENTITY[sdk=iphoneos*]" = "iPhone Developer";
				COPY_PHASE_STRIP = NO;
				DEBUG_INFORMATION_FORMAT = "dwarf-with-dsym";
				ENABLE_NS_ASSERTIONS = NO;
				ENABLE_STRICT_OBJC_MSGSEND = YES;
				GCC_C_LANGUAGE_STANDARD = gnu99;
				GCC_NO_COMMON_BLOCKS = YES;
				GCC_WARN_64_TO_32_BIT_CONVERSION = YES;
				GCC_WARN_ABOUT_RETURN_TYPE = YES_ERROR;
				GCC_WARN_UNDECLARED_SELECTOR = YES;
				GCC_WARN_UNINITIALIZED_AUTOS = YES_AGGRESSIVE;
				GCC_WARN_UNUSED_FUNCTION = YES;
				GCC_WARN_UNUSED_VARIABLE = YES;
				IPHONEOS_DEPLOYMENT_TARGET = 8.0;
				MTL_ENABLE_DEBUG_INFO = NO;
				SDKROOT = iphoneos;
				VALIDATE_PRODUCT = YES;
			};
			name = Release;
		};
		045611D31BAE90EB0043EA6C /* Debug */ = {
			isa = XCBuildConfiguration;
			baseConfigurationReference = 7DB134BCC26F089F999325CD /* Pods.debug.xcconfig */;
			buildSettings = {
				CODE_SIGN_IDENTITY = "iPhone Developer";
				"CODE_SIGN_IDENTITY[sdk=iphoneos*]" = "iPhone Developer";
				GCC_PRECOMPILE_PREFIX_HEADER = YES;
				GCC_PREFIX_HEADER = "Demos/Supporting Files/Demos-Prefix.pch";
				INFOPLIST_FILE = "Demos/Supporting Files/Info.plist";
				IPHONEOS_DEPLOYMENT_TARGET = 8.0;
				LD_RUNPATH_SEARCH_PATHS = "$(inherited) @executable_path/Frameworks";
				PRODUCT_BUNDLE_IDENTIFIER = www.zhihu.com.Demos;
				PRODUCT_NAME = "$(TARGET_NAME)";
				PROVISIONING_PROFILE = "";
				TARGETED_DEVICE_FAMILY = 1;
			};
			name = Debug;
		};
		045611D41BAE90EB0043EA6C /* Release */ = {
			isa = XCBuildConfiguration;
			baseConfigurationReference = F3CD230209609975A4DF59BB /* Pods.release.xcconfig */;
			buildSettings = {
				CODE_SIGN_IDENTITY = "iPhone Developer";
				"CODE_SIGN_IDENTITY[sdk=iphoneos*]" = "iPhone Developer";
				GCC_PRECOMPILE_PREFIX_HEADER = YES;
				GCC_PREFIX_HEADER = "Demos/Supporting Files/Demos-Prefix.pch";
				INFOPLIST_FILE = "Demos/Supporting Files/Info.plist";
				IPHONEOS_DEPLOYMENT_TARGET = 8.0;
				LD_RUNPATH_SEARCH_PATHS = "$(inherited) @executable_path/Frameworks";
				PRODUCT_BUNDLE_IDENTIFIER = www.zhihu.com.Demos;
				PRODUCT_NAME = "$(TARGET_NAME)";
				PROVISIONING_PROFILE = "";
				TARGETED_DEVICE_FAMILY = 1;
			};
			name = Release;
		};
		045611D61BAE90EB0043EA6C /* Debug */ = {
			isa = XCBuildConfiguration;
			buildSettings = {
				BUNDLE_LOADER = "$(TEST_HOST)";
				INFOPLIST_FILE = DemosTests/Info.plist;
				LD_RUNPATH_SEARCH_PATHS = "$(inherited) @executable_path/Frameworks @loader_path/Frameworks";
				PRODUCT_BUNDLE_IDENTIFIER = www.zhihu.com.DemosTests;
				PRODUCT_NAME = "$(TARGET_NAME)";
				TEST_HOST = "$(BUILT_PRODUCTS_DIR)/Demos.app/Demos";
			};
			name = Debug;
		};
		045611D71BAE90EB0043EA6C /* Release */ = {
			isa = XCBuildConfiguration;
			buildSettings = {
				BUNDLE_LOADER = "$(TEST_HOST)";
				INFOPLIST_FILE = DemosTests/Info.plist;
				LD_RUNPATH_SEARCH_PATHS = "$(inherited) @executable_path/Frameworks @loader_path/Frameworks";
				PRODUCT_BUNDLE_IDENTIFIER = www.zhihu.com.DemosTests;
				PRODUCT_NAME = "$(TARGET_NAME)";
				TEST_HOST = "$(BUILT_PRODUCTS_DIR)/Demos.app/Demos";
			};
			name = Release;
		};
		045611D91BAE90EB0043EA6C /* Debug */ = {
			isa = XCBuildConfiguration;
			buildSettings = {
				INFOPLIST_FILE = DemosUITests/Info.plist;
				LD_RUNPATH_SEARCH_PATHS = "$(inherited) @executable_path/Frameworks @loader_path/Frameworks";
				PRODUCT_BUNDLE_IDENTIFIER = www.zhihu.com.DemosUITests;
				PRODUCT_NAME = "$(TARGET_NAME)";
				TEST_TARGET_NAME = Demos;
				USES_XCTRUNNER = YES;
			};
			name = Debug;
		};
		045611DA1BAE90EB0043EA6C /* Release */ = {
			isa = XCBuildConfiguration;
			buildSettings = {
				INFOPLIST_FILE = DemosUITests/Info.plist;
				LD_RUNPATH_SEARCH_PATHS = "$(inherited) @executable_path/Frameworks @loader_path/Frameworks";
				PRODUCT_BUNDLE_IDENTIFIER = www.zhihu.com.DemosUITests;
				PRODUCT_NAME = "$(TARGET_NAME)";
				TEST_TARGET_NAME = Demos;
				USES_XCTRUNNER = YES;
			};
			name = Release;
		};
/* End XCBuildConfiguration section */

/* Begin XCConfigurationList section */
		045611A01BAE90EB0043EA6C /* Build configuration list for PBXProject "Demos" */ = {
			isa = XCConfigurationList;
			buildConfigurations = (
				045611D01BAE90EB0043EA6C /* Debug */,
				045611D11BAE90EB0043EA6C /* Release */,
			);
			defaultConfigurationIsVisible = 0;
			defaultConfigurationName = Release;
		};
		045611D21BAE90EB0043EA6C /* Build configuration list for PBXNativeTarget "Demos" */ = {
			isa = XCConfigurationList;
			buildConfigurations = (
				045611D31BAE90EB0043EA6C /* Debug */,
				045611D41BAE90EB0043EA6C /* Release */,
			);
			defaultConfigurationIsVisible = 0;
			defaultConfigurationName = Release;
		};
		045611D51BAE90EB0043EA6C /* Build configuration list for PBXNativeTarget "DemosTests" */ = {
			isa = XCConfigurationList;
			buildConfigurations = (
				045611D61BAE90EB0043EA6C /* Debug */,
				045611D71BAE90EB0043EA6C /* Release */,
			);
			defaultConfigurationIsVisible = 0;
			defaultConfigurationName = Release;
		};
		045611D81BAE90EB0043EA6C /* Build configuration list for PBXNativeTarget "DemosUITests" */ = {
			isa = XCConfigurationList;
			buildConfigurations = (
				045611D91BAE90EB0043EA6C /* Debug */,
				045611DA1BAE90EB0043EA6C /* Release */,
			);
			defaultConfigurationIsVisible = 0;
			defaultConfigurationName = Release;
		};
/* End XCConfigurationList section */
	};
	rootObject = 0456119D1BAE90EB0043EA6C /* Project object */;
}
